// !$*UTF8*$!
{
	archiveVersion = 1;
	classes = {
	};
	objectVersion = 46;
	objects = {

/* Begin PBXBuildFile section */
		280875EC167B11DF00EC2B7A /* background.png in Resources */ = {isa = PBXBuildFile; fileRef = 280875EB167B11DF00EC2B7A /* background.png */; };
		283AC64114C15A5E0079DA7C /* graph_bg_copy.png in Resources */ = {isa = PBXBuildFile; fileRef = 283AC64014C15A5E0079DA7C /* graph_bg_copy.png */; };
		283AC64314C186220079DA7C /* bottombg.jpg in Resources */ = {isa = PBXBuildFile; fileRef = 283AC64214C186220079DA7C /* bottombg.jpg */; };
		2878DDD6167D6EE1007A35EC /* bookmark_off.png in Resources */ = {isa = PBXBuildFile; fileRef = 2878DDD4167D6EE1007A35EC /* bookmark_off.png */; };
		2878DDD7167D6EE1007A35EC /* bookmark_on.png in Resources */ = {isa = PBXBuildFile; fileRef = 2878DDD5167D6EE1007A35EC /* bookmark_on.png */; };
		2878DDDE167D8BBD007A35EC /* repeat_off.png in Resources */ = {isa = PBXBuildFile; fileRef = 2878DDDC167D8BBD007A35EC /* repeat_off.png */; };
		2878DDDF167D8BBD007A35EC /* repeat_on.png in Resources */ = {isa = PBXBuildFile; fileRef = 2878DDDD167D8BBD007A35EC /* repeat_on.png */; };
		2878DDE1167D8FFA007A35EC /* picker_background.png in Resources */ = {isa = PBXBuildFile; fileRef = 2878DDE0167D8FFA007A35EC /* picker_background.png */; };
		2878DDE3167D90AA007A35EC /* scroll_up.png in Resources */ = {isa = PBXBuildFile; fileRef = 2878DDE2167D90AA007A35EC /* scroll_up.png */; };
		2878DDE6167D97D0007A35EC /* volume_left.png in Resources */ = {isa = PBXBuildFile; fileRef = 2878DDE4167D97D0007A35EC /* volume_left.png */; };
		2878DDE7167D97D0007A35EC /* volume_pos.png in Resources */ = {isa = PBXBuildFile; fileRef = 2878DDE5167D97D0007A35EC /* volume_pos.png */; };
		2878DDEA167DA0A6007A35EC /* background_crop.png in Resources */ = {isa = PBXBuildFile; fileRef = 2878DDE8167DA0A5007A35EC /* background_crop.png */; };
		2878DDEB167DA0A6007A35EC /* background_crop@2x.png in Resources */ = {isa = PBXBuildFile; fileRef = 2878DDE9167DA0A6007A35EC /* background_crop@2x.png */; };
		2878DDED167DACED007A35EC /* toolbar_back.png in Resources */ = {isa = PBXBuildFile; fileRef = 2878DDEC167DACED007A35EC /* toolbar_back.png */; };
		287D325C167F7C1900102DE8 /* nav_bar.png in Resources */ = {isa = PBXBuildFile; fileRef = 287D325B167F7C1900102DE8 /* nav_bar.png */; };
		287D325E167F7F6400102DE8 /* mainview_bg.png in Resources */ = {isa = PBXBuildFile; fileRef = 287D325D167F7F6400102DE8 /* mainview_bg.png */; };
		2880EFA813FB588F00B2A64D /* MessageUI.framework in Frameworks */ = {isa = PBXBuildFile; fileRef = 2880EFA713FB588F00B2A64D /* MessageUI.framework */; };
		2880EFCD13FB8CCB00B2A64D /* HelpListViewController.m in Sources */ = {isa = PBXBuildFile; fileRef = 2880EFCB13FB8CCB00B2A64D /* HelpListViewController.m */; };
		2880EFCE13FB8CCB00B2A64D /* HelpListViewController.xib in Resources */ = {isa = PBXBuildFile; fileRef = 2880EFCC13FB8CCB00B2A64D /* HelpListViewController.xib */; };
		2880EFD113FB942000B2A64D /* HelpListTableViewCell.m in Sources */ = {isa = PBXBuildFile; fileRef = 2880EFD013FB942000B2A64D /* HelpListTableViewCell.m */; };
		288518A6167C696E00A34F8A /* bookmark_right_off_eng.png in Resources */ = {isa = PBXBuildFile; fileRef = 2885189E167C696D00A34F8A /* bookmark_right_off_eng.png */; };
		288518A7167C696E00A34F8A /* bookmark_right_off_kor.png in Resources */ = {isa = PBXBuildFile; fileRef = 2885189F167C696D00A34F8A /* bookmark_right_off_kor.png */; };
		288518A8167C696E00A34F8A /* bookmark_right_on_eng.png in Resources */ = {isa = PBXBuildFile; fileRef = 288518A0167C696D00A34F8A /* bookmark_right_on_eng.png */; };
		288518A9167C696E00A34F8A /* bookmark_right_on_kor.png in Resources */ = {isa = PBXBuildFile; fileRef = 288518A1167C696D00A34F8A /* bookmark_right_on_kor.png */; };
		288518AA167C696E00A34F8A /* music_off_eng.png in Resources */ = {isa = PBXBuildFile; fileRef = 288518A2167C696E00A34F8A /* music_off_eng.png */; };
		288518AB167C696E00A34F8A /* music_off_kor.png in Resources */ = {isa = PBXBuildFile; fileRef = 288518A3167C696E00A34F8A /* music_off_kor.png */; };
		288518AC167C696E00A34F8A /* music_on_eng.png in Resources */ = {isa = PBXBuildFile; fileRef = 288518A4167C696E00A34F8A /* music_on_eng.png */; };
		288518AD167C696E00A34F8A /* music_on_kor.png in Resources */ = {isa = PBXBuildFile; fileRef = 288518A5167C696E00A34F8A /* music_on_kor.png */; };
		28876FFA13FA83780000EA69 /* BookMarkViewController.m in Sources */ = {isa = PBXBuildFile; fileRef = 28876FF813FA83770000EA69 /* BookMarkViewController.m */; };
		28876FFB13FA83780000EA69 /* BookMarkViewController.xib in Resources */ = {isa = PBXBuildFile; fileRef = 28876FF913FA83770000EA69 /* BookMarkViewController.xib */; };
		28879CEF13FE2C9700468D84 /* Tutorial.m in Sources */ = {isa = PBXBuildFile; fileRef = 28879CEE13FE2C9700468D84 /* Tutorial.m */; };
		28879CF213FE2CB400468D84 /* Help.m in Sources */ = {isa = PBXBuildFile; fileRef = 28879CF113FE2CB400468D84 /* Help.m */; };
		28879CF713FE33A000468D84 /* SectionInfo.m in Sources */ = {isa = PBXBuildFile; fileRef = 28879CF413FE33A000468D84 /* SectionInfo.m */; };
		28879CF813FE33A000468D84 /* SectionHeaderView.m in Sources */ = {isa = PBXBuildFile; fileRef = 28879CF613FE33A000468D84 /* SectionHeaderView.m */; };
		28879D0713FE5C0100468D84 /* HelpList.plist in Resources */ = {isa = PBXBuildFile; fileRef = 28879D0613FE5C0100468D84 /* HelpList.plist */; };
		28882E0C13D7AB3F0009EB9A /* Song.m in Sources */ = {isa = PBXBuildFile; fileRef = 28882E0B13D7AB3F0009EB9A /* Song.m */; };
		28882E0F13D7AB590009EB9A /* BookMark.m in Sources */ = {isa = PBXBuildFile; fileRef = 28882E0E13D7AB590009EB9A /* BookMark.m */; };
		28882E1213D7AB670009EB9A /* ViewInfo.m in Sources */ = {isa = PBXBuildFile; fileRef = 28882E1113D7AB670009EB9A /* ViewInfo.m */; };
		288AE35313CEDE2F00453026 /* UIKit.framework in Frameworks */ = {isa = PBXBuildFile; fileRef = 288AE35213CEDE2F00453026 /* UIKit.framework */; };
		288AE35513CEDE2F00453026 /* Foundation.framework in Frameworks */ = {isa = PBXBuildFile; fileRef = 288AE35413CEDE2F00453026 /* Foundation.framework */; };
		288AE35713CEDE2F00453026 /* CoreGraphics.framework in Frameworks */ = {isa = PBXBuildFile; fileRef = 288AE35613CEDE2F00453026 /* CoreGraphics.framework */; };
		288AE35913CEDE2F00453026 /* CoreData.framework in Frameworks */ = {isa = PBXBuildFile; fileRef = 288AE35813CEDE2F00453026 /* CoreData.framework */; };
		288AE35F13CEDE2F00453026 /* InfoPlist.strings in Resources */ = {isa = PBXBuildFile; fileRef = 288AE35D13CEDE2F00453026 /* InfoPlist.strings */; };
		288AE36213CEDE2F00453026 /* main.m in Sources */ = {isa = PBXBuildFile; fileRef = 288AE36113CEDE2F00453026 /* main.m */; };
		288AE38213CEDE6E00453026 /* V8HorizontalPickerView.m in Sources */ = {isa = PBXBuildFile; fileRef = 288AE38013CEDE6E00453026 /* V8HorizontalPickerView.m */; };
		288AE38C13CEDEF200453026 /* MusicWaveAppDelegate.m in Sources */ = {isa = PBXBuildFile; fileRef = 288AE38A13CEDEF200453026 /* MusicWaveAppDelegate.m */; };
		288AE38D13CEDEF200453026 /* MainWindow.xib in Resources */ = {isa = PBXBuildFile; fileRef = 288AE38B13CEDEF200453026 /* MainWindow.xib */; };
		288AE3A813CEDF2A00453026 /* MusicWave.xcdatamodel in Sources */ = {isa = PBXBuildFile; fileRef = 288AE38E13CEDF2900453026 /* MusicWave.xcdatamodel */; };
		288AE3A913CEDF2A00453026 /* MyMediaPickerDelegate.mm in Sources */ = {isa = PBXBuildFile; fileRef = 288AE39013CEDF2900453026 /* MyMediaPickerDelegate.mm */; };
		288AE3AA13CEDF2A00453026 /* BookMarkLayerDelegate.m in Sources */ = {isa = PBXBuildFile; fileRef = 288AE39213CEDF2900453026 /* BookMarkLayerDelegate.m */; };
		288AE3AB13CEDF2A00453026 /* PlayListTableViewCell.m in Sources */ = {isa = PBXBuildFile; fileRef = 288AE39413CEDF2900453026 /* PlayListTableViewCell.m */; };
		288AE3AC13CEDF2A00453026 /* BookMarkListTableViewCell.m in Sources */ = {isa = PBXBuildFile; fileRef = 288AE39613CEDF2900453026 /* BookMarkListTableViewCell.m */; };
		288AE3AD13CEDF2A00453026 /* MyGraphView.mm in Sources */ = {isa = PBXBuildFile; fileRef = 288AE39813CEDF2900453026 /* MyGraphView.mm */; };
		288AE3AE13CEDF2A00453026 /* MBProgressHUD.m in Sources */ = {isa = PBXBuildFile; fileRef = 288AE39A13CEDF2900453026 /* MBProgressHUD.m */; };
		288AE3AF13CEDF2A00453026 /* MyScrollView.m in Sources */ = {isa = PBXBuildFile; fileRef = 288AE39C13CEDF2A00453026 /* MyScrollView.m */; };
		288AE3B213CEDF2A00453026 /* MusicTableViewController.m in Sources */ = {isa = PBXBuildFile; fileRef = 288AE3A113CEDF2A00453026 /* MusicTableViewController.m */; };
		288AE3B313CEDF2A00453026 /* MusicTableView.xib in Resources */ = {isa = PBXBuildFile; fileRef = 288AE3A213CEDF2A00453026 /* MusicTableView.xib */; };
		288AE3B513CEDF2A00453026 /* iPodSongsViewController.mm in Sources */ = {isa = PBXBuildFile; fileRef = 288AE3A613CEDF2A00453026 /* iPodSongsViewController.mm */; };
		288AE3B613CEDF2A00453026 /* iPodSongsViewController.xib in Resources */ = {isa = PBXBuildFile; fileRef = 288AE3A713CEDF2A00453026 /* iPodSongsViewController.xib */; };
		288AE3B813CEDF4300453026 /* Default.png in Resources */ = {isa = PBXBuildFile; fileRef = 288AE3B713CEDF4300453026 /* Default.png */; };
		288AE3E613CEDF9900453026 /* app_icon_57x57.png in Resources */ = {isa = PBXBuildFile; fileRef = 288AE3BA13CEDF9900453026 /* app_icon_57x57.png */; };
		288AE3E713CEDF9900453026 /* artist_img.png in Resources */ = {isa = PBXBuildFile; fileRef = 288AE3BB13CEDF9900453026 /* artist_img.png */; };
		288AE3E813CEDF9900453026 /* intro_v3.png in Resources */ = {isa = PBXBuildFile; fileRef = 288AE3BC13CEDF9900453026 /* intro_v3.png */; };
		288AE3E913CEDF9900453026 /* re_off.png in Resources */ = {isa = PBXBuildFile; fileRef = 288AE3BD13CEDF9900453026 /* re_off.png */; };
		288AE3EA13CEDF9900453026 /* re_on.png in Resources */ = {isa = PBXBuildFile; fileRef = 288AE3BE13CEDF9900453026 /* re_on.png */; };
		288AE3EC13CEDF9900453026 /* re.png in Resources */ = {isa = PBXBuildFile; fileRef = 288AE3C013CEDF9900453026 /* re.png */; };
		288AE3ED13CEDF9900453026 /* picker_bg_basic.png in Resources */ = {isa = PBXBuildFile; fileRef = 288AE3C113CEDF9900453026 /* picker_bg_basic.png */; };
		288AE3F013CEDF9900453026 /* icon_play.png in Resources */ = {isa = PBXBuildFile; fileRef = 288AE3C413CEDF9900453026 /* icon_play.png */; };
		288AE3F113CEDF9900453026 /* list_bg_off.jpg in Resources */ = {isa = PBXBuildFile; fileRef = 288AE3C513CEDF9900453026 /* list_bg_off.jpg */; };
		288AE3F213CEDF9900453026 /* list_bg_on.jpg in Resources */ = {isa = PBXBuildFile; fileRef = 288AE3C613CEDF9900453026 /* list_bg_on.jpg */; };
		288AE3F313CEDF9900453026 /* sound_off.png in Resources */ = {isa = PBXBuildFile; fileRef = 288AE3C713CEDF9900453026 /* sound_off.png */; };
		288AE3F513CEDF9900453026 /* picker_cell.png in Resources */ = {isa = PBXBuildFile; fileRef = 288AE3C913CEDF9900453026 /* picker_cell.png */; };
		288AE3F813CEDF9900453026 /* btn_bookmark_off.png in Resources */ = {isa = PBXBuildFile; fileRef = 288AE3CC13CEDF9900453026 /* btn_bookmark_off.png */; };
		288AE3F913CEDF9900453026 /* btn_bookmark_on.png in Resources */ = {isa = PBXBuildFile; fileRef = 288AE3CD13CEDF9900453026 /* btn_bookmark_on.png */; };
		288AE3FA13CEDF9900453026 /* picker_bg.jpg in Resources */ = {isa = PBXBuildFile; fileRef = 288AE3CE13CEDF9900453026 /* picker_bg.jpg */; };
		288AE3FB13CEDF9900453026 /* bar_off.png in Resources */ = {isa = PBXBuildFile; fileRef = 288AE3CF13CEDF9900453026 /* bar_off.png */; };
		288AE3FC13CEDF9900453026 /* bar_on.png in Resources */ = {isa = PBXBuildFile; fileRef = 288AE3D013CEDF9900453026 /* bar_on.png */; };
		288AE3FD13CEDF9900453026 /* sound_controll.png in Resources */ = {isa = PBXBuildFile; fileRef = 288AE3D113CEDF9900453026 /* sound_controll.png */; };
		288AE3FE13CEDF9900453026 /* page_bg.jpg in Resources */ = {isa = PBXBuildFile; fileRef = 288AE3D213CEDF9900453026 /* page_bg.jpg */; };
		288AE3FF13CEDF9900453026 /* graph_bg.jpg in Resources */ = {isa = PBXBuildFile; fileRef = 288AE3D313CEDF9900453026 /* graph_bg.jpg */; };
		288AE40013CEDF9900453026 /* soundline.jpg in Resources */ = {isa = PBXBuildFile; fileRef = 288AE3D413CEDF9900453026 /* soundline.jpg */; };
		288AE40113CEDF9900453026 /* bar.jpg in Resources */ = {isa = PBXBuildFile; fileRef = 288AE3D513CEDF9900453026 /* bar.jpg */; };
		288AE40213CEDF9900453026 /* time_bg.jpg in Resources */ = {isa = PBXBuildFile; fileRef = 288AE3D613CEDF9900453026 /* time_bg.jpg */; };
		288AE40813CEDF9900453026 /* btn_next_off.png in Resources */ = {isa = PBXBuildFile; fileRef = 288AE3DC13CEDF9900453026 /* btn_next_off.png */; };
		288AE40913CEDF9900453026 /* btn_next_on.png in Resources */ = {isa = PBXBuildFile; fileRef = 288AE3DD13CEDF9900453026 /* btn_next_on.png */; };
		288AE40A13CEDF9900453026 /* btn_pause_off.png in Resources */ = {isa = PBXBuildFile; fileRef = 288AE3DE13CEDF9900453026 /* btn_pause_off.png */; };
		288AE40B13CEDF9900453026 /* btn_pause_on.png in Resources */ = {isa = PBXBuildFile; fileRef = 288AE3DF13CEDF9900453026 /* btn_pause_on.png */; };
		288AE40C13CEDF9900453026 /* btn_play_off.png in Resources */ = {isa = PBXBuildFile; fileRef = 288AE3E013CEDF9900453026 /* btn_play_off.png */; };
		288AE40D13CEDF9900453026 /* btn_play_on.png in Resources */ = {isa = PBXBuildFile; fileRef = 288AE3E113CEDF9900453026 /* btn_play_on.png */; };
		288AE40E13CEDF9900453026 /* btn_prev_off.png in Resources */ = {isa = PBXBuildFile; fileRef = 288AE3E213CEDF9900453026 /* btn_prev_off.png */; };
		288AE40F13CEDF9900453026 /* btn_prev_on.png in Resources */ = {isa = PBXBuildFile; fileRef = 288AE3E313CEDF9900453026 /* btn_prev_on.png */; };
		288AE41013CEDF9900453026 /* btn_re_off.png in Resources */ = {isa = PBXBuildFile; fileRef = 288AE3E413CEDF9900453026 /* btn_re_off.png */; };
		288AE41113CEDF9900453026 /* btn_re_on.png in Resources */ = {isa = PBXBuildFile; fileRef = 288AE3E513CEDF9900453026 /* btn_re_on.png */; };
		288AE41613CEDFDF00453026 /* CoreMedia.framework in Frameworks */ = {isa = PBXBuildFile; fileRef = 288AE41213CEDFDF00453026 /* CoreMedia.framework */; };
		288AE41713CEDFDF00453026 /* AVFoundation.framework in Frameworks */ = {isa = PBXBuildFile; fileRef = 288AE41313CEDFDF00453026 /* AVFoundation.framework */; };
		288AE41813CEDFDF00453026 /* MediaPlayer.framework in Frameworks */ = {isa = PBXBuildFile; fileRef = 288AE41413CEDFDF00453026 /* MediaPlayer.framework */; };
		288AE41913CEDFDF00453026 /* QuartzCore.framework in Frameworks */ = {isa = PBXBuildFile; fileRef = 288AE41513CEDFDF00453026 /* QuartzCore.framework */; };
		2891725013D3F4D10013E2CF /* picker_bg_left.png in Resources */ = {isa = PBXBuildFile; fileRef = 2891724E13D3F4C70013E2CF /* picker_bg_left.png */; };
		2891725113D3F4D10013E2CF /* picker_bg_right.png in Resources */ = {isa = PBXBuildFile; fileRef = 2891724F13D3F4CB0013E2CF /* picker_bg_right.png */; };
		2891725413D51DA00013E2CF /* middle_bar.png in Resources */ = {isa = PBXBuildFile; fileRef = 2891725313D51D9D0013E2CF /* middle_bar.png */; };
		289E3A8613DA7D7C00B5F687 /* Entitlements.plist in Resources */ = {isa = PBXBuildFile; fileRef = 289E3A8513DA7D7C00B5F687 /* Entitlements.plist */; };
		28A13AB713D7905300707EE1 /* sound_on.png in Resources */ = {isa = PBXBuildFile; fileRef = 28A13AB613D7905300707EE1 /* sound_on.png */; };
		28A422BB1400BB05003423C3 /* btn_back_eng_basic.png in Resources */ = {isa = PBXBuildFile; fileRef = 28A422B01400BB05003423C3 /* btn_back_eng_basic.png */; };
		28A422BC1400BB05003423C3 /* btn_back_kor_basic.png in Resources */ = {isa = PBXBuildFile; fileRef = 28A422B11400BB05003423C3 /* btn_back_kor_basic.png */; };
		28A422BD1400BB05003423C3 /* btn_bookmark_eng_basic.png in Resources */ = {isa = PBXBuildFile; fileRef = 28A422B21400BB05003423C3 /* btn_bookmark_eng_basic.png */; };
		28A422BE1400BB05003423C3 /* btn_bookmark_kor_basic.png in Resources */ = {isa = PBXBuildFile; fileRef = 28A422B31400BB05003423C3 /* btn_bookmark_kor_basic.png */; };
		28A422BF1400BB05003423C3 /* btn_done_eng_basic.png in Resources */ = {isa = PBXBuildFile; fileRef = 28A422B41400BB05003423C3 /* btn_done_eng_basic.png */; };
		28A422C01400BB05003423C3 /* btn_done_kor_basic.png in Resources */ = {isa = PBXBuildFile; fileRef = 28A422B51400BB05003423C3 /* btn_done_kor_basic.png */; };
		28A422C11400BB05003423C3 /* btn_edit_eng_basic.png in Resources */ = {isa = PBXBuildFile; fileRef = 28A422B61400BB05003423C3 /* btn_edit_eng_basic.png */; };
		28A422C21400BB05003423C3 /* btn_edit_kor_basic.png in Resources */ = {isa = PBXBuildFile; fileRef = 28A422B71400BB05003423C3 /* btn_edit_kor_basic.png */; };
		28A422C31400BB05003423C3 /* btn_music_eng_basic.png in Resources */ = {isa = PBXBuildFile; fileRef = 28A422B81400BB05003423C3 /* btn_music_eng_basic.png */; };
		28A422C41400BB05003423C3 /* btn_music_kor_basic.png in Resources */ = {isa = PBXBuildFile; fileRef = 28A422B91400BB05003423C3 /* btn_music_kor_basic.png */; };
		28A422C51400BB05003423C3 /* btn_plus_basic.png in Resources */ = {isa = PBXBuildFile; fileRef = 28A422BA1400BB05003423C3 /* btn_plus_basic.png */; };
		28A422D11400CA48003423C3 /* btn_back_eng_press.png in Resources */ = {isa = PBXBuildFile; fileRef = 28A422C61400CA48003423C3 /* btn_back_eng_press.png */; };
		28A422D21400CA48003423C3 /* btn_back_kor_press.png in Resources */ = {isa = PBXBuildFile; fileRef = 28A422C71400CA48003423C3 /* btn_back_kor_press.png */; };
		28A422D31400CA48003423C3 /* btn_bookmark_eng_press.png in Resources */ = {isa = PBXBuildFile; fileRef = 28A422C81400CA48003423C3 /* btn_bookmark_eng_press.png */; };
		28A422D41400CA48003423C3 /* btn_bookmark_kor_press.png in Resources */ = {isa = PBXBuildFile; fileRef = 28A422C91400CA48003423C3 /* btn_bookmark_kor_press.png */; };
		28A422D51400CA48003423C3 /* btn_done_eng_press.png in Resources */ = {isa = PBXBuildFile; fileRef = 28A422CA1400CA48003423C3 /* btn_done_eng_press.png */; };
		28A422D61400CA48003423C3 /* btn_done_kor_press.png in Resources */ = {isa = PBXBuildFile; fileRef = 28A422CB1400CA48003423C3 /* btn_done_kor_press.png */; };
		28A422D71400CA48003423C3 /* btn_edit_eng_press.png in Resources */ = {isa = PBXBuildFile; fileRef = 28A422CC1400CA48003423C3 /* btn_edit_eng_press.png */; };
		28A422D81400CA48003423C3 /* btn_edit_kor_press.png in Resources */ = {isa = PBXBuildFile; fileRef = 28A422CD1400CA48003423C3 /* btn_edit_kor_press.png */; };
		28A422D91400CA48003423C3 /* btn_music_eng_press.png in Resources */ = {isa = PBXBuildFile; fileRef = 28A422CE1400CA48003423C3 /* btn_music_eng_press.png */; };
		28A422DA1400CA48003423C3 /* btn_music_kor_press.png in Resources */ = {isa = PBXBuildFile; fileRef = 28A422CF1400CA48003423C3 /* btn_music_kor_press.png */; };
		28A422DB1400CA48003423C3 /* btn_plus_press.png in Resources */ = {isa = PBXBuildFile; fileRef = 28A422D01400CA48003423C3 /* btn_plus_press.png */; };
		28A422DD1400D32D003423C3 /* arrow.png in Resources */ = {isa = PBXBuildFile; fileRef = 28A422DC1400D32D003423C3 /* arrow.png */; };
		28A422DF1400D896003423C3 /* arrow_on.png in Resources */ = {isa = PBXBuildFile; fileRef = 28A422DE1400D896003423C3 /* arrow_on.png */; };
		28A4956A1401EE11009BC586 /* graph_bg.png in Resources */ = {isa = PBXBuildFile; fileRef = 28A495691401EE11009BC586 /* graph_bg.png */; };
		28A4956C1401EECD009BC586 /* page_bg1.jpg in Resources */ = {isa = PBXBuildFile; fileRef = 28A4956B1401EECD009BC586 /* page_bg1.jpg */; };
		28A6127814032AFE0053180C /* help_01.png in Resources */ = {isa = PBXBuildFile; fileRef = 28A6127114032AFE0053180C /* help_01.png */; };
		28A6127914032AFE0053180C /* help_02.png in Resources */ = {isa = PBXBuildFile; fileRef = 28A6127214032AFE0053180C /* help_02.png */; };
		28A6127A14032AFE0053180C /* help_03.png in Resources */ = {isa = PBXBuildFile; fileRef = 28A6127314032AFE0053180C /* help_03.png */; };
		28A6127B14032AFE0053180C /* help_04.png in Resources */ = {isa = PBXBuildFile; fileRef = 28A6127414032AFE0053180C /* help_04.png */; };
		28A6127C14032AFE0053180C /* help_05.png in Resources */ = {isa = PBXBuildFile; fileRef = 28A6127514032AFE0053180C /* help_05.png */; };
		28A6127D14032AFE0053180C /* help_06.png in Resources */ = {isa = PBXBuildFile; fileRef = 28A6127614032AFE0053180C /* help_06.png */; };
		28A6127E14032AFE0053180C /* help_07.png in Resources */ = {isa = PBXBuildFile; fileRef = 28A6127714032AFE0053180C /* help_07.png */; };
		28D202FF169122880052FC27 /* repeat_off_test.png in Resources */ = {isa = PBXBuildFile; fileRef = 28D202FD169122870052FC27 /* repeat_off_test.png */; };
		28D20300169122880052FC27 /* repeat_on_test.png in Resources */ = {isa = PBXBuildFile; fileRef = 28D202FE169122880052FC27 /* repeat_on_test.png */; };
		28DE370213D9226B00457AFB /* graph_t2_off.png in Resources */ = {isa = PBXBuildFile; fileRef = 28DE370013D9226B00457AFB /* graph_t2_off.png */; };
		28DE370313D9226B00457AFB /* graph_t2_on.png in Resources */ = {isa = PBXBuildFile; fileRef = 28DE370113D9226B00457AFB /* graph_t2_on.png */; };
		28F6316D13D00D72000172FF /* Localizable.strings in Resources */ = {isa = PBXBuildFile; fileRef = 28F6316B13D00D72000172FF /* Localizable.strings */; };
/* End PBXBuildFile section */

/* Begin PBXFileReference section */
		280875EB167B11DF00EC2B7A /* background.png */ = {isa = PBXFileReference; lastKnownFileType = image.png; path = background.png; sourceTree = "<group>"; };
		283AC64014C15A5E0079DA7C /* graph_bg_copy.png */ = {isa = PBXFileReference; lastKnownFileType = image.png; path = graph_bg_copy.png; sourceTree = "<group>"; };
		283AC64214C186220079DA7C /* bottombg.jpg */ = {isa = PBXFileReference; lastKnownFileType = image.jpeg; path = bottombg.jpg; sourceTree = "<group>"; };
		2878DDD4167D6EE1007A35EC /* bookmark_off.png */ = {isa = PBXFileReference; lastKnownFileType = image.png; path = bookmark_off.png; sourceTree = "<group>"; };
		2878DDD5167D6EE1007A35EC /* bookmark_on.png */ = {isa = PBXFileReference; lastKnownFileType = image.png; path = bookmark_on.png; sourceTree = "<group>"; };
		2878DDDC167D8BBD007A35EC /* repeat_off.png */ = {isa = PBXFileReference; lastKnownFileType = image.png; path = repeat_off.png; sourceTree = "<group>"; };
		2878DDDD167D8BBD007A35EC /* repeat_on.png */ = {isa = PBXFileReference; lastKnownFileType = image.png; path = repeat_on.png; sourceTree = "<group>"; };
		2878DDE0167D8FFA007A35EC /* picker_background.png */ = {isa = PBXFileReference; lastKnownFileType = image.png; path = picker_background.png; sourceTree = "<group>"; };
		2878DDE2167D90AA007A35EC /* scroll_up.png */ = {isa = PBXFileReference; lastKnownFileType = image.png; path = scroll_up.png; sourceTree = "<group>"; };
		2878DDE4167D97D0007A35EC /* volume_left.png */ = {isa = PBXFileReference; lastKnownFileType = image.png; path = volume_left.png; sourceTree = "<group>"; };
		2878DDE5167D97D0007A35EC /* volume_pos.png */ = {isa = PBXFileReference; lastKnownFileType = image.png; path = volume_pos.png; sourceTree = "<group>"; };
		2878DDE8167DA0A5007A35EC /* background_crop.png */ = {isa = PBXFileReference; lastKnownFileType = image.png; path = background_crop.png; sourceTree = "<group>"; };
		2878DDE9167DA0A6007A35EC /* background_crop@2x.png */ = {isa = PBXFileReference; lastKnownFileType = image.png; path = "background_crop@2x.png"; sourceTree = "<group>"; };
		2878DDEC167DACED007A35EC /* toolbar_back.png */ = {isa = PBXFileReference; lastKnownFileType = image.png; path = toolbar_back.png; sourceTree = "<group>"; };
		287D325B167F7C1900102DE8 /* nav_bar.png */ = {isa = PBXFileReference; lastKnownFileType = image.png; path = nav_bar.png; sourceTree = "<group>"; };
		287D325D167F7F6400102DE8 /* mainview_bg.png */ = {isa = PBXFileReference; lastKnownFileType = image.png; path = mainview_bg.png; sourceTree = "<group>"; };
		2880EFA713FB588F00B2A64D /* MessageUI.framework */ = {isa = PBXFileReference; lastKnownFileType = wrapper.framework; name = MessageUI.framework; path = System/Library/Frameworks/MessageUI.framework; sourceTree = SDKROOT; };
		2880EFCA13FB8CCB00B2A64D /* HelpListViewController.h */ = {isa = PBXFileReference; fileEncoding = 4; lastKnownFileType = sourcecode.c.h; path = HelpListViewController.h; sourceTree = "<group>"; };
		2880EFCB13FB8CCB00B2A64D /* HelpListViewController.m */ = {isa = PBXFileReference; fileEncoding = 4; lastKnownFileType = sourcecode.c.objc; path = HelpListViewController.m; sourceTree = "<group>"; };
		2880EFCC13FB8CCB00B2A64D /* HelpListViewController.xib */ = {isa = PBXFileReference; fileEncoding = 4; lastKnownFileType = file.xib; path = HelpListViewController.xib; sourceTree = "<group>"; };
		2880EFCF13FB942000B2A64D /* HelpListTableViewCell.h */ = {isa = PBXFileReference; fileEncoding = 4; lastKnownFileType = sourcecode.c.h; path = HelpListTableViewCell.h; sourceTree = "<group>"; };
		2880EFD013FB942000B2A64D /* HelpListTableViewCell.m */ = {isa = PBXFileReference; fileEncoding = 4; lastKnownFileType = sourcecode.c.objc; path = HelpListTableViewCell.m; sourceTree = "<group>"; };
		2885189E167C696D00A34F8A /* bookmark_right_off_eng.png */ = {isa = PBXFileReference; lastKnownFileType = image.png; path = bookmark_right_off_eng.png; sourceTree = "<group>"; };
		2885189F167C696D00A34F8A /* bookmark_right_off_kor.png */ = {isa = PBXFileReference; lastKnownFileType = image.png; path = bookmark_right_off_kor.png; sourceTree = "<group>"; };
		288518A0167C696D00A34F8A /* bookmark_right_on_eng.png */ = {isa = PBXFileReference; lastKnownFileType = image.png; path = bookmark_right_on_eng.png; sourceTree = "<group>"; };
		288518A1167C696D00A34F8A /* bookmark_right_on_kor.png */ = {isa = PBXFileReference; lastKnownFileType = image.png; path = bookmark_right_on_kor.png; sourceTree = "<group>"; };
		288518A2167C696E00A34F8A /* music_off_eng.png */ = {isa = PBXFileReference; lastKnownFileType = image.png; path = music_off_eng.png; sourceTree = "<group>"; };
		288518A3167C696E00A34F8A /* music_off_kor.png */ = {isa = PBXFileReference; lastKnownFileType = image.png; path = music_off_kor.png; sourceTree = "<group>"; };
		288518A4167C696E00A34F8A /* music_on_eng.png */ = {isa = PBXFileReference; lastKnownFileType = image.png; path = music_on_eng.png; sourceTree = "<group>"; };
		288518A5167C696E00A34F8A /* music_on_kor.png */ = {isa = PBXFileReference; lastKnownFileType = image.png; path = music_on_kor.png; sourceTree = "<group>"; };
		28876FF713FA83770000EA69 /* BookMarkViewController.h */ = {isa = PBXFileReference; fileEncoding = 4; lastKnownFileType = sourcecode.c.h; path = BookMarkViewController.h; sourceTree = "<group>"; };
		28876FF813FA83770000EA69 /* BookMarkViewController.m */ = {isa = PBXFileReference; fileEncoding = 4; lastKnownFileType = sourcecode.c.objc; path = BookMarkViewController.m; sourceTree = "<group>"; };
		28876FF913FA83770000EA69 /* BookMarkViewController.xib */ = {isa = PBXFileReference; fileEncoding = 4; lastKnownFileType = file.xib; path = BookMarkViewController.xib; sourceTree = "<group>"; };
		28879CED13FE2C9700468D84 /* Tutorial.h */ = {isa = PBXFileReference; fileEncoding = 4; lastKnownFileType = sourcecode.c.h; path = Tutorial.h; sourceTree = "<group>"; };
		28879CEE13FE2C9700468D84 /* Tutorial.m */ = {isa = PBXFileReference; fileEncoding = 4; lastKnownFileType = sourcecode.c.objc; path = Tutorial.m; sourceTree = "<group>"; };
		28879CF013FE2CB400468D84 /* Help.h */ = {isa = PBXFileReference; fileEncoding = 4; lastKnownFileType = sourcecode.c.h; name = Help.h; path = MusicWave.xcodeproj/Help.h; sourceTree = SOURCE_ROOT; };
		28879CF113FE2CB400468D84 /* Help.m */ = {isa = PBXFileReference; fileEncoding = 4; lastKnownFileType = sourcecode.c.objc; name = Help.m; path = MusicWave.xcodeproj/Help.m; sourceTree = SOURCE_ROOT; };
		28879CF313FE33A000468D84 /* SectionInfo.h */ = {isa = PBXFileReference; fileEncoding = 4; lastKnownFileType = sourcecode.c.h; path = SectionInfo.h; sourceTree = "<group>"; };
		28879CF413FE33A000468D84 /* SectionInfo.m */ = {isa = PBXFileReference; fileEncoding = 4; lastKnownFileType = sourcecode.c.objc; path = SectionInfo.m; sourceTree = "<group>"; };
		28879CF513FE33A000468D84 /* SectionHeaderView.h */ = {isa = PBXFileReference; fileEncoding = 4; lastKnownFileType = sourcecode.c.h; path = SectionHeaderView.h; sourceTree = "<group>"; };
		28879CF613FE33A000468D84 /* SectionHeaderView.m */ = {isa = PBXFileReference; fileEncoding = 4; lastKnownFileType = sourcecode.c.objc; path = SectionHeaderView.m; sourceTree = "<group>"; };
		28879D0613FE5C0100468D84 /* HelpList.plist */ = {isa = PBXFileReference; fileEncoding = 4; lastKnownFileType = text.plist.xml; path = HelpList.plist; sourceTree = "<group>"; };
		28882E0A13D7AB3F0009EB9A /* Song.h */ = {isa = PBXFileReference; fileEncoding = 4; lastKnownFileType = sourcecode.c.h; path = Song.h; sourceTree = "<group>"; };
		28882E0B13D7AB3F0009EB9A /* Song.m */ = {isa = PBXFileReference; fileEncoding = 4; lastKnownFileType = sourcecode.c.objc; path = Song.m; sourceTree = "<group>"; };
		28882E0D13D7AB590009EB9A /* BookMark.h */ = {isa = PBXFileReference; fileEncoding = 4; lastKnownFileType = sourcecode.c.h; path = BookMark.h; sourceTree = "<group>"; };
		28882E0E13D7AB590009EB9A /* BookMark.m */ = {isa = PBXFileReference; fileEncoding = 4; lastKnownFileType = sourcecode.c.objc; path = BookMark.m; sourceTree = "<group>"; };
		28882E1013D7AB670009EB9A /* ViewInfo.h */ = {isa = PBXFileReference; fileEncoding = 4; lastKnownFileType = sourcecode.c.h; path = ViewInfo.h; sourceTree = "<group>"; };
		28882E1113D7AB670009EB9A /* ViewInfo.m */ = {isa = PBXFileReference; fileEncoding = 4; lastKnownFileType = sourcecode.c.objc; path = ViewInfo.m; sourceTree = "<group>"; };
		288AE34E13CEDE2F00453026 /* MusicWave.app */ = {isa = PBXFileReference; explicitFileType = wrapper.application; includeInIndex = 0; path = MusicWave.app; sourceTree = BUILT_PRODUCTS_DIR; };
		288AE35213CEDE2F00453026 /* UIKit.framework */ = {isa = PBXFileReference; lastKnownFileType = wrapper.framework; name = UIKit.framework; path = System/Library/Frameworks/UIKit.framework; sourceTree = SDKROOT; };
		288AE35413CEDE2F00453026 /* Foundation.framework */ = {isa = PBXFileReference; lastKnownFileType = wrapper.framework; name = Foundation.framework; path = System/Library/Frameworks/Foundation.framework; sourceTree = SDKROOT; };
		288AE35613CEDE2F00453026 /* CoreGraphics.framework */ = {isa = PBXFileReference; lastKnownFileType = wrapper.framework; name = CoreGraphics.framework; path = System/Library/Frameworks/CoreGraphics.framework; sourceTree = SDKROOT; };
		288AE35813CEDE2F00453026 /* CoreData.framework */ = {isa = PBXFileReference; lastKnownFileType = wrapper.framework; name = CoreData.framework; path = System/Library/Frameworks/CoreData.framework; sourceTree = SDKROOT; };
		288AE35C13CEDE2F00453026 /* MusicWave-Info.plist */ = {isa = PBXFileReference; lastKnownFileType = text.plist.xml; path = "MusicWave-Info.plist"; sourceTree = "<group>"; };
		288AE35E13CEDE2F00453026 /* en */ = {isa = PBXFileReference; lastKnownFileType = text.plist.strings; name = en; path = en.lproj/InfoPlist.strings; sourceTree = "<group>"; };
		288AE36013CEDE2F00453026 /* MusicWave-Prefix.pch */ = {isa = PBXFileReference; lastKnownFileType = sourcecode.c.h; path = "MusicWave-Prefix.pch"; sourceTree = "<group>"; };
		288AE36113CEDE2F00453026 /* main.m */ = {isa = PBXFileReference; lastKnownFileType = sourcecode.c.objc; path = main.m; sourceTree = "<group>"; };
		288AE37F13CEDE6E00453026 /* V8HorizontalPickerView.h */ = {isa = PBXFileReference; fileEncoding = 4; lastKnownFileType = sourcecode.c.h; path = V8HorizontalPickerView.h; sourceTree = "<group>"; };
		288AE38013CEDE6E00453026 /* V8HorizontalPickerView.m */ = {isa = PBXFileReference; fileEncoding = 4; lastKnownFileType = sourcecode.c.objc; path = V8HorizontalPickerView.m; sourceTree = "<group>"; };
		288AE38113CEDE6E00453026 /* V8HorizontalPickerViewProtocol.h */ = {isa = PBXFileReference; fileEncoding = 4; lastKnownFileType = sourcecode.c.h; path = V8HorizontalPickerViewProtocol.h; sourceTree = "<group>"; };
		288AE38913CEDEF200453026 /* MusicWaveAppDelegate.h */ = {isa = PBXFileReference; fileEncoding = 4; lastKnownFileType = sourcecode.c.h; path = MusicWaveAppDelegate.h; sourceTree = "<group>"; };
		288AE38A13CEDEF200453026 /* MusicWaveAppDelegate.m */ = {isa = PBXFileReference; fileEncoding = 4; lastKnownFileType = sourcecode.c.objc; path = MusicWaveAppDelegate.m; sourceTree = "<group>"; };
		288AE38B13CEDEF200453026 /* MainWindow.xib */ = {isa = PBXFileReference; fileEncoding = 4; lastKnownFileType = file.xib; path = MainWindow.xib; sourceTree = "<group>"; };
		288AE38E13CEDF2900453026 /* MusicWave.xcdatamodel */ = {isa = PBXFileReference; lastKnownFileType = wrapper.xcdatamodel; path = MusicWave.xcdatamodel; sourceTree = "<group>"; };
		288AE38F13CEDF2900453026 /* MyMediaPickerDelegate.h */ = {isa = PBXFileReference; fileEncoding = 4; lastKnownFileType = sourcecode.c.h; path = MyMediaPickerDelegate.h; sourceTree = "<group>"; };
		288AE39013CEDF2900453026 /* MyMediaPickerDelegate.mm */ = {isa = PBXFileReference; fileEncoding = 4; lastKnownFileType = sourcecode.cpp.objcpp; path = MyMediaPickerDelegate.mm; sourceTree = "<group>"; };
		288AE39113CEDF2900453026 /* BookMarkLayerDelegate.h */ = {isa = PBXFileReference; fileEncoding = 4; lastKnownFileType = sourcecode.c.h; path = BookMarkLayerDelegate.h; sourceTree = "<group>"; };
		288AE39213CEDF2900453026 /* BookMarkLayerDelegate.m */ = {isa = PBXFileReference; fileEncoding = 4; lastKnownFileType = sourcecode.c.objc; path = BookMarkLayerDelegate.m; sourceTree = "<group>"; };
		288AE39313CEDF2900453026 /* PlayListTableViewCell.h */ = {isa = PBXFileReference; fileEncoding = 4; lastKnownFileType = sourcecode.c.h; path = PlayListTableViewCell.h; sourceTree = "<group>"; };
		288AE39413CEDF2900453026 /* PlayListTableViewCell.m */ = {isa = PBXFileReference; fileEncoding = 4; lastKnownFileType = sourcecode.c.objc; path = PlayListTableViewCell.m; sourceTree = "<group>"; };
		288AE39513CEDF2900453026 /* BookMarkListTableViewCell.h */ = {isa = PBXFileReference; fileEncoding = 4; lastKnownFileType = sourcecode.c.h; path = BookMarkListTableViewCell.h; sourceTree = "<group>"; };
		288AE39613CEDF2900453026 /* BookMarkListTableViewCell.m */ = {isa = PBXFileReference; fileEncoding = 4; lastKnownFileType = sourcecode.c.objc; path = BookMarkListTableViewCell.m; sourceTree = "<group>"; };
		288AE39713CEDF2900453026 /* MyGraphView.h */ = {isa = PBXFileReference; fileEncoding = 4; lastKnownFileType = sourcecode.c.h; path = MyGraphView.h; sourceTree = "<group>"; };
		288AE39813CEDF2900453026 /* MyGraphView.mm */ = {isa = PBXFileReference; fileEncoding = 4; lastKnownFileType = sourcecode.cpp.objcpp; path = MyGraphView.mm; sourceTree = "<group>"; };
		288AE39913CEDF2900453026 /* MBProgressHUD.h */ = {isa = PBXFileReference; fileEncoding = 4; lastKnownFileType = sourcecode.c.h; path = MBProgressHUD.h; sourceTree = "<group>"; };
		288AE39A13CEDF2900453026 /* MBProgressHUD.m */ = {isa = PBXFileReference; fileEncoding = 4; lastKnownFileType = sourcecode.c.objc; path = MBProgressHUD.m; sourceTree = "<group>"; };
		288AE39B13CEDF2900453026 /* MyScrollView.h */ = {isa = PBXFileReference; fileEncoding = 4; lastKnownFileType = sourcecode.c.h; path = MyScrollView.h; sourceTree = "<group>"; };
		288AE39C13CEDF2A00453026 /* MyScrollView.m */ = {isa = PBXFileReference; fileEncoding = 4; lastKnownFileType = sourcecode.c.objc; path = MyScrollView.m; sourceTree = "<group>"; };
		288AE3A013CEDF2A00453026 /* MusicTableViewController.h */ = {isa = PBXFileReference; fileEncoding = 4; lastKnownFileType = sourcecode.c.h; path = MusicTableViewController.h; sourceTree = "<group>"; };
		288AE3A113CEDF2A00453026 /* MusicTableViewController.m */ = {isa = PBXFileReference; fileEncoding = 4; lastKnownFileType = sourcecode.c.objc; path = MusicTableViewController.m; sourceTree = "<group>"; };
		288AE3A213CEDF2A00453026 /* MusicTableView.xib */ = {isa = PBXFileReference; fileEncoding = 4; lastKnownFileType = file.xib; path = MusicTableView.xib; sourceTree = "<group>"; };
		288AE3A513CEDF2A00453026 /* iPodSongsViewController.h */ = {isa = PBXFileReference; fileEncoding = 4; lastKnownFileType = sourcecode.c.h; path = iPodSongsViewController.h; sourceTree = "<group>"; };
		288AE3A613CEDF2A00453026 /* iPodSongsViewController.mm */ = {isa = PBXFileReference; fileEncoding = 4; lastKnownFileType = sourcecode.cpp.objcpp; path = iPodSongsViewController.mm; sourceTree = "<group>"; };
		288AE3A713CEDF2A00453026 /* iPodSongsViewController.xib */ = {isa = PBXFileReference; fileEncoding = 4; lastKnownFileType = file.xib; path = iPodSongsViewController.xib; sourceTree = "<group>"; };
		288AE3B713CEDF4300453026 /* Default.png */ = {isa = PBXFileReference; lastKnownFileType = image.png; path = Default.png; sourceTree = "<group>"; };
		288AE3BA13CEDF9900453026 /* app_icon_57x57.png */ = {isa = PBXFileReference; lastKnownFileType = image.png; path = app_icon_57x57.png; sourceTree = "<group>"; };
		288AE3BB13CEDF9900453026 /* artist_img.png */ = {isa = PBXFileReference; lastKnownFileType = image.png; path = artist_img.png; sourceTree = "<group>"; };
		288AE3BC13CEDF9900453026 /* intro_v3.png */ = {isa = PBXFileReference; lastKnownFileType = image.png; path = intro_v3.png; sourceTree = "<group>"; };
		288AE3BD13CEDF9900453026 /* re_off.png */ = {isa = PBXFileReference; lastKnownFileType = image.png; path = re_off.png; sourceTree = "<group>"; };
		288AE3BE13CEDF9900453026 /* re_on.png */ = {isa = PBXFileReference; lastKnownFileType = image.png; path = re_on.png; sourceTree = "<group>"; };
		288AE3C013CEDF9900453026 /* re.png */ = {isa = PBXFileReference; lastKnownFileType = image.png; path = re.png; sourceTree = "<group>"; };
		288AE3C113CEDF9900453026 /* picker_bg_basic.png */ = {isa = PBXFileReference; lastKnownFileType = image.png; path = picker_bg_basic.png; sourceTree = "<group>"; };
		288AE3C413CEDF9900453026 /* icon_play.png */ = {isa = PBXFileReference; lastKnownFileType = image.png; path = icon_play.png; sourceTree = "<group>"; };
		288AE3C513CEDF9900453026 /* list_bg_off.jpg */ = {isa = PBXFileReference; lastKnownFileType = image.jpeg; path = list_bg_off.jpg; sourceTree = "<group>"; };
		288AE3C613CEDF9900453026 /* list_bg_on.jpg */ = {isa = PBXFileReference; lastKnownFileType = image.jpeg; path = list_bg_on.jpg; sourceTree = "<group>"; };
		288AE3C713CEDF9900453026 /* sound_off.png */ = {isa = PBXFileReference; lastKnownFileType = image.png; path = sound_off.png; sourceTree = "<group>"; };
		288AE3C913CEDF9900453026 /* picker_cell.png */ = {isa = PBXFileReference; lastKnownFileType = image.png; path = picker_cell.png; sourceTree = "<group>"; };
		288AE3CC13CEDF9900453026 /* btn_bookmark_off.png */ = {isa = PBXFileReference; lastKnownFileType = image.png; path = btn_bookmark_off.png; sourceTree = "<group>"; };
		288AE3CD13CEDF9900453026 /* btn_bookmark_on.png */ = {isa = PBXFileReference; lastKnownFileType = image.png; path = btn_bookmark_on.png; sourceTree = "<group>"; };
		288AE3CE13CEDF9900453026 /* picker_bg.jpg */ = {isa = PBXFileReference; lastKnownFileType = image.jpeg; path = picker_bg.jpg; sourceTree = "<group>"; };
		288AE3CF13CEDF9900453026 /* bar_off.png */ = {isa = PBXFileReference; lastKnownFileType = image.png; path = bar_off.png; sourceTree = "<group>"; };
		288AE3D013CEDF9900453026 /* bar_on.png */ = {isa = PBXFileReference; lastKnownFileType = image.png; path = bar_on.png; sourceTree = "<group>"; };
		288AE3D113CEDF9900453026 /* sound_controll.png */ = {isa = PBXFileReference; lastKnownFileType = image.png; path = sound_controll.png; sourceTree = "<group>"; };
		288AE3D213CEDF9900453026 /* page_bg.jpg */ = {isa = PBXFileReference; lastKnownFileType = image.jpeg; path = page_bg.jpg; sourceTree = "<group>"; };
		288AE3D313CEDF9900453026 /* graph_bg.jpg */ = {isa = PBXFileReference; lastKnownFileType = image.jpeg; path = graph_bg.jpg; sourceTree = "<group>"; };
		288AE3D413CEDF9900453026 /* soundline.jpg */ = {isa = PBXFileReference; lastKnownFileType = image.jpeg; path = soundline.jpg; sourceTree = "<group>"; };
		288AE3D513CEDF9900453026 /* bar.jpg */ = {isa = PBXFileReference; lastKnownFileType = image.jpeg; path = bar.jpg; sourceTree = "<group>"; };
		288AE3D613CEDF9900453026 /* time_bg.jpg */ = {isa = PBXFileReference; lastKnownFileType = image.jpeg; path = time_bg.jpg; sourceTree = "<group>"; };
		288AE3DC13CEDF9900453026 /* btn_next_off.png */ = {isa = PBXFileReference; lastKnownFileType = image.png; path = btn_next_off.png; sourceTree = "<group>"; };
		288AE3DD13CEDF9900453026 /* btn_next_on.png */ = {isa = PBXFileReference; lastKnownFileType = image.png; path = btn_next_on.png; sourceTree = "<group>"; };
		288AE3DE13CEDF9900453026 /* btn_pause_off.png */ = {isa = PBXFileReference; lastKnownFileType = image.png; path = btn_pause_off.png; sourceTree = "<group>"; };
		288AE3DF13CEDF9900453026 /* btn_pause_on.png */ = {isa = PBXFileReference; lastKnownFileType = image.png; path = btn_pause_on.png; sourceTree = "<group>"; };
		288AE3E013CEDF9900453026 /* btn_play_off.png */ = {isa = PBXFileReference; lastKnownFileType = image.png; path = btn_play_off.png; sourceTree = "<group>"; };
		288AE3E113CEDF9900453026 /* btn_play_on.png */ = {isa = PBXFileReference; lastKnownFileType = image.png; path = btn_play_on.png; sourceTree = "<group>"; };
		288AE3E213CEDF9900453026 /* btn_prev_off.png */ = {isa = PBXFileReference; lastKnownFileType = image.png; path = btn_prev_off.png; sourceTree = "<group>"; };
		288AE3E313CEDF9900453026 /* btn_prev_on.png */ = {isa = PBXFileReference; lastKnownFileType = image.png; path = btn_prev_on.png; sourceTree = "<group>"; };
		288AE3E413CEDF9900453026 /* btn_re_off.png */ = {isa = PBXFileReference; lastKnownFileType = image.png; path = btn_re_off.png; sourceTree = "<group>"; };
		288AE3E513CEDF9900453026 /* btn_re_on.png */ = {isa = PBXFileReference; lastKnownFileType = image.png; path = btn_re_on.png; sourceTree = "<group>"; };
		288AE41213CEDFDF00453026 /* CoreMedia.framework */ = {isa = PBXFileReference; lastKnownFileType = wrapper.framework; name = CoreMedia.framework; path = System/Library/Frameworks/CoreMedia.framework; sourceTree = SDKROOT; };
		288AE41313CEDFDF00453026 /* AVFoundation.framework */ = {isa = PBXFileReference; lastKnownFileType = wrapper.framework; name = AVFoundation.framework; path = System/Library/Frameworks/AVFoundation.framework; sourceTree = SDKROOT; };
		288AE41413CEDFDF00453026 /* MediaPlayer.framework */ = {isa = PBXFileReference; lastKnownFileType = wrapper.framework; name = MediaPlayer.framework; path = System/Library/Frameworks/MediaPlayer.framework; sourceTree = SDKROOT; };
		288AE41513CEDFDF00453026 /* QuartzCore.framework */ = {isa = PBXFileReference; lastKnownFileType = wrapper.framework; name = QuartzCore.framework; path = System/Library/Frameworks/QuartzCore.framework; sourceTree = SDKROOT; };
		2891724E13D3F4C70013E2CF /* picker_bg_left.png */ = {isa = PBXFileReference; lastKnownFileType = image.png; path = picker_bg_left.png; sourceTree = "<group>"; };
		2891724F13D3F4CB0013E2CF /* picker_bg_right.png */ = {isa = PBXFileReference; lastKnownFileType = image.png; path = picker_bg_right.png; sourceTree = "<group>"; };
		2891725313D51D9D0013E2CF /* middle_bar.png */ = {isa = PBXFileReference; lastKnownFileType = image.png; path = middle_bar.png; sourceTree = "<group>"; };
		289E3A8513DA7D7C00B5F687 /* Entitlements.plist */ = {isa = PBXFileReference; fileEncoding = 4; lastKnownFileType = text.plist.xml; path = Entitlements.plist; sourceTree = "<group>"; };
		28A13AB613D7905300707EE1 /* sound_on.png */ = {isa = PBXFileReference; lastKnownFileType = image.png; path = sound_on.png; sourceTree = "<group>"; };
		28A422B01400BB05003423C3 /* btn_back_eng_basic.png */ = {isa = PBXFileReference; lastKnownFileType = image.png; path = btn_back_eng_basic.png; sourceTree = "<group>"; };
		28A422B11400BB05003423C3 /* btn_back_kor_basic.png */ = {isa = PBXFileReference; lastKnownFileType = image.png; path = btn_back_kor_basic.png; sourceTree = "<group>"; };
		28A422B21400BB05003423C3 /* btn_bookmark_eng_basic.png */ = {isa = PBXFileReference; lastKnownFileType = image.png; path = btn_bookmark_eng_basic.png; sourceTree = "<group>"; };
		28A422B31400BB05003423C3 /* btn_bookmark_kor_basic.png */ = {isa = PBXFileReference; lastKnownFileType = image.png; path = btn_bookmark_kor_basic.png; sourceTree = "<group>"; };
		28A422B41400BB05003423C3 /* btn_done_eng_basic.png */ = {isa = PBXFileReference; lastKnownFileType = image.png; path = btn_done_eng_basic.png; sourceTree = "<group>"; };
		28A422B51400BB05003423C3 /* btn_done_kor_basic.png */ = {isa = PBXFileReference; lastKnownFileType = image.png; path = btn_done_kor_basic.png; sourceTree = "<group>"; };
		28A422B61400BB05003423C3 /* btn_edit_eng_basic.png */ = {isa = PBXFileReference; lastKnownFileType = image.png; path = btn_edit_eng_basic.png; sourceTree = "<group>"; };
		28A422B71400BB05003423C3 /* btn_edit_kor_basic.png */ = {isa = PBXFileReference; lastKnownFileType = image.png; path = btn_edit_kor_basic.png; sourceTree = "<group>"; };
		28A422B81400BB05003423C3 /* btn_music_eng_basic.png */ = {isa = PBXFileReference; lastKnownFileType = image.png; path = btn_music_eng_basic.png; sourceTree = "<group>"; };
		28A422B91400BB05003423C3 /* btn_music_kor_basic.png */ = {isa = PBXFileReference; lastKnownFileType = image.png; path = btn_music_kor_basic.png; sourceTree = "<group>"; };
		28A422BA1400BB05003423C3 /* btn_plus_basic.png */ = {isa = PBXFileReference; lastKnownFileType = image.png; path = btn_plus_basic.png; sourceTree = "<group>"; };
		28A422C61400CA48003423C3 /* btn_back_eng_press.png */ = {isa = PBXFileReference; lastKnownFileType = image.png; path = btn_back_eng_press.png; sourceTree = "<group>"; };
		28A422C71400CA48003423C3 /* btn_back_kor_press.png */ = {isa = PBXFileReference; lastKnownFileType = image.png; path = btn_back_kor_press.png; sourceTree = "<group>"; };
		28A422C81400CA48003423C3 /* btn_bookmark_eng_press.png */ = {isa = PBXFileReference; lastKnownFileType = image.png; path = btn_bookmark_eng_press.png; sourceTree = "<group>"; };
		28A422C91400CA48003423C3 /* btn_bookmark_kor_press.png */ = {isa = PBXFileReference; lastKnownFileType = image.png; path = btn_bookmark_kor_press.png; sourceTree = "<group>"; };
		28A422CA1400CA48003423C3 /* btn_done_eng_press.png */ = {isa = PBXFileReference; lastKnownFileType = image.png; path = btn_done_eng_press.png; sourceTree = "<group>"; };
		28A422CB1400CA48003423C3 /* btn_done_kor_press.png */ = {isa = PBXFileReference; lastKnownFileType = image.png; path = btn_done_kor_press.png; sourceTree = "<group>"; };
		28A422CC1400CA48003423C3 /* btn_edit_eng_press.png */ = {isa = PBXFileReference; lastKnownFileType = image.png; path = btn_edit_eng_press.png; sourceTree = "<group>"; };
		28A422CD1400CA48003423C3 /* btn_edit_kor_press.png */ = {isa = PBXFileReference; lastKnownFileType = image.png; path = btn_edit_kor_press.png; sourceTree = "<group>"; };
		28A422CE1400CA48003423C3 /* btn_music_eng_press.png */ = {isa = PBXFileReference; lastKnownFileType = image.png; path = btn_music_eng_press.png; sourceTree = "<group>"; };
		28A422CF1400CA48003423C3 /* btn_music_kor_press.png */ = {isa = PBXFileReference; lastKnownFileType = image.png; path = btn_music_kor_press.png; sourceTree = "<group>"; };
		28A422D01400CA48003423C3 /* btn_plus_press.png */ = {isa = PBXFileReference; lastKnownFileType = image.png; path = btn_plus_press.png; sourceTree = "<group>"; };
		28A422DC1400D32D003423C3 /* arrow.png */ = {isa = PBXFileReference; lastKnownFileType = image.png; path = arrow.png; sourceTree = "<group>"; };
		28A422DE1400D896003423C3 /* arrow_on.png */ = {isa = PBXFileReference; lastKnownFileType = image.png; path = arrow_on.png; sourceTree = "<group>"; };
		28A495691401EE11009BC586 /* graph_bg.png */ = {isa = PBXFileReference; lastKnownFileType = image.png; path = graph_bg.png; sourceTree = "<group>"; };
		28A4956B1401EECD009BC586 /* page_bg1.jpg */ = {isa = PBXFileReference; lastKnownFileType = image.jpeg; path = page_bg1.jpg; sourceTree = "<group>"; };
		28A6127114032AFE0053180C /* help_01.png */ = {isa = PBXFileReference; lastKnownFileType = image.png; path = help_01.png; sourceTree = "<group>"; };
		28A6127214032AFE0053180C /* help_02.png */ = {isa = PBXFileReference; lastKnownFileType = image.png; path = help_02.png; sourceTree = "<group>"; };
		28A6127314032AFE0053180C /* help_03.png */ = {isa = PBXFileReference; lastKnownFileType = image.png; path = help_03.png; sourceTree = "<group>"; };
		28A6127414032AFE0053180C /* help_04.png */ = {isa = PBXFileReference; lastKnownFileType = image.png; path = help_04.png; sourceTree = "<group>"; };
		28A6127514032AFE0053180C /* help_05.png */ = {isa = PBXFileReference; lastKnownFileType = image.png; path = help_05.png; sourceTree = "<group>"; };
		28A6127614032AFE0053180C /* help_06.png */ = {isa = PBXFileReference; lastKnownFileType = image.png; path = help_06.png; sourceTree = "<group>"; };
		28A6127714032AFE0053180C /* help_07.png */ = {isa = PBXFileReference; lastKnownFileType = image.png; path = help_07.png; sourceTree = "<group>"; };
		28D202FD169122870052FC27 /* repeat_off_test.png */ = {isa = PBXFileReference; lastKnownFileType = image.png; path = repeat_off_test.png; sourceTree = "<group>"; };
		28D202FE169122880052FC27 /* repeat_on_test.png */ = {isa = PBXFileReference; lastKnownFileType = image.png; path = repeat_on_test.png; sourceTree = "<group>"; };
		28DE370013D9226B00457AFB /* graph_t2_off.png */ = {isa = PBXFileReference; lastKnownFileType = image.png; path = graph_t2_off.png; sourceTree = "<group>"; };
		28DE370113D9226B00457AFB /* graph_t2_on.png */ = {isa = PBXFileReference; lastKnownFileType = image.png; path = graph_t2_on.png; sourceTree = "<group>"; };
		28F6316C13D00D72000172FF /* en */ = {isa = PBXFileReference; lastKnownFileType = text.plist.strings; name = en; path = en.lproj/Localizable.strings; sourceTree = "<group>"; };
		28F6316E13D00D7D000172FF /* ko */ = {isa = PBXFileReference; lastKnownFileType = text.plist.strings; name = ko; path = ko.lproj/Localizable.strings; sourceTree = "<group>"; };
/* End PBXFileReference section */

/* Begin PBXFrameworksBuildPhase section */
		288AE34B13CEDE2F00453026 /* Frameworks */ = {
			isa = PBXFrameworksBuildPhase;
			buildActionMask = 2147483647;
			files = (
				288AE35313CEDE2F00453026 /* UIKit.framework in Frameworks */,
				288AE35513CEDE2F00453026 /* Foundation.framework in Frameworks */,
				288AE35713CEDE2F00453026 /* CoreGraphics.framework in Frameworks */,
				288AE35913CEDE2F00453026 /* CoreData.framework in Frameworks */,
				288AE41613CEDFDF00453026 /* CoreMedia.framework in Frameworks */,
				288AE41713CEDFDF00453026 /* AVFoundation.framework in Frameworks */,
				288AE41813CEDFDF00453026 /* MediaPlayer.framework in Frameworks */,
				288AE41913CEDFDF00453026 /* QuartzCore.framework in Frameworks */,
				2880EFA813FB588F00B2A64D /* MessageUI.framework in Frameworks */,
			);
			runOnlyForDeploymentPostprocessing = 0;
		};
/* End PBXFrameworksBuildPhase section */

/* Begin PBXGroup section */
		288AE34313CEDE2E00453026 = {
			isa = PBXGroup;
			children = (
				289E3A8513DA7D7C00B5F687 /* Entitlements.plist */,
				288AE3B713CEDF4300453026 /* Default.png */,
				288AE35A13CEDE2F00453026 /* MusicWave */,
				288AE35113CEDE2F00453026 /* Frameworks */,
				288AE34F13CEDE2F00453026 /* Products */,
			);
			sourceTree = "<group>";
		};
		288AE34F13CEDE2F00453026 /* Products */ = {
			isa = PBXGroup;
			children = (
				288AE34E13CEDE2F00453026 /* MusicWave.app */,
			);
			name = Products;
			sourceTree = "<group>";
		};
		288AE35113CEDE2F00453026 /* Frameworks */ = {
			isa = PBXGroup;
			children = (
				2880EFA713FB588F00B2A64D /* MessageUI.framework */,
				288AE41213CEDFDF00453026 /* CoreMedia.framework */,
				288AE41313CEDFDF00453026 /* AVFoundation.framework */,
				288AE41413CEDFDF00453026 /* MediaPlayer.framework */,
				288AE41513CEDFDF00453026 /* QuartzCore.framework */,
				288AE35213CEDE2F00453026 /* UIKit.framework */,
				288AE35413CEDE2F00453026 /* Foundation.framework */,
				288AE35613CEDE2F00453026 /* CoreGraphics.framework */,
				288AE35813CEDE2F00453026 /* CoreData.framework */,
			);
			name = Frameworks;
			sourceTree = "<group>";
		};
		288AE35A13CEDE2F00453026 /* MusicWave */ = {
			isa = PBXGroup;
			children = (
				288AE41E13CEE7D700453026 /* ViewClass */,
				288AE41D13CEE79C00453026 /* UIHelper */,
				288AE41C13CEE72300453026 /* TableViewCell */,
				288AE41B13CEE6E600453026 /* DataHelper */,
				288AE41A13CEE66900453026 /* ViewController */,
				288AE38913CEDEF200453026 /* MusicWaveAppDelegate.h */,
				288AE38A13CEDEF200453026 /* MusicWaveAppDelegate.m */,
				288AE38B13CEDEF200453026 /* MainWindow.xib */,
				288AE38F13CEDF2900453026 /* MyMediaPickerDelegate.h */,
				288AE39013CEDF2900453026 /* MyMediaPickerDelegate.mm */,
				28879CF013FE2CB400468D84 /* Help.h */,
				28879CF113FE2CB400468D84 /* Help.m */,
				28879CED13FE2C9700468D84 /* Tutorial.h */,
				28879CEE13FE2C9700468D84 /* Tutorial.m */,
				288AE35B13CEDE2F00453026 /* Supporting Files */,
			);
			path = MusicWave;
			sourceTree = "<group>";
		};
		288AE35B13CEDE2F00453026 /* Supporting Files */ = {
			isa = PBXGroup;
			children = (
				28D202FD169122870052FC27 /* repeat_off_test.png */,
				28D202FE169122880052FC27 /* repeat_on_test.png */,
				287D325D167F7F6400102DE8 /* mainview_bg.png */,
				287D325B167F7C1900102DE8 /* nav_bar.png */,
				2878DDEC167DACED007A35EC /* toolbar_back.png */,
				2878DDE8167DA0A5007A35EC /* background_crop.png */,
				2878DDE9167DA0A6007A35EC /* background_crop@2x.png */,
				2878DDE4167D97D0007A35EC /* volume_left.png */,
				2878DDE5167D97D0007A35EC /* volume_pos.png */,
				2878DDE2167D90AA007A35EC /* scroll_up.png */,
				2878DDE0167D8FFA007A35EC /* picker_background.png */,
				2878DDDC167D8BBD007A35EC /* repeat_off.png */,
				2878DDDD167D8BBD007A35EC /* repeat_on.png */,
				2878DDD4167D6EE1007A35EC /* bookmark_off.png */,
				2878DDD5167D6EE1007A35EC /* bookmark_on.png */,
				2885189E167C696D00A34F8A /* bookmark_right_off_eng.png */,
				2885189F167C696D00A34F8A /* bookmark_right_off_kor.png */,
				288518A0167C696D00A34F8A /* bookmark_right_on_eng.png */,
				288518A1167C696D00A34F8A /* bookmark_right_on_kor.png */,
				288518A2167C696E00A34F8A /* music_off_eng.png */,
				288518A3167C696E00A34F8A /* music_off_kor.png */,
				288518A4167C696E00A34F8A /* music_on_eng.png */,
				288518A5167C696E00A34F8A /* music_on_kor.png */,
				280875EB167B11DF00EC2B7A /* background.png */,
				28A422DC1400D32D003423C3 /* arrow.png */,
				28A422DE1400D896003423C3 /* arrow_on.png */,
				28A422C61400CA48003423C3 /* btn_back_eng_press.png */,
				28A422C71400CA48003423C3 /* btn_back_kor_press.png */,
				28A422C81400CA48003423C3 /* btn_bookmark_eng_press.png */,
				28A422C91400CA48003423C3 /* btn_bookmark_kor_press.png */,
				28A422CA1400CA48003423C3 /* btn_done_eng_press.png */,
				28A422CB1400CA48003423C3 /* btn_done_kor_press.png */,
				28A422CC1400CA48003423C3 /* btn_edit_eng_press.png */,
				28A422CD1400CA48003423C3 /* btn_edit_kor_press.png */,
				28A422CE1400CA48003423C3 /* btn_music_eng_press.png */,
				28A422CF1400CA48003423C3 /* btn_music_kor_press.png */,
				28A422D01400CA48003423C3 /* btn_plus_press.png */,
				28A422B01400BB05003423C3 /* btn_back_eng_basic.png */,
				28A422B11400BB05003423C3 /* btn_back_kor_basic.png */,
				28A422B21400BB05003423C3 /* btn_bookmark_eng_basic.png */,
				28A422B31400BB05003423C3 /* btn_bookmark_kor_basic.png */,
				28A422B41400BB05003423C3 /* btn_done_eng_basic.png */,
				28A422B51400BB05003423C3 /* btn_done_kor_basic.png */,
				28A422B61400BB05003423C3 /* btn_edit_eng_basic.png */,
				28A422B71400BB05003423C3 /* btn_edit_kor_basic.png */,
				28A422B81400BB05003423C3 /* btn_music_eng_basic.png */,
				28A422B91400BB05003423C3 /* btn_music_kor_basic.png */,
				28A422BA1400BB05003423C3 /* btn_plus_basic.png */,
				28879D0613FE5C0100468D84 /* HelpList.plist */,
				28A6127114032AFE0053180C /* help_01.png */,
				28A6127214032AFE0053180C /* help_02.png */,
				28A6127314032AFE0053180C /* help_03.png */,
				28A6127414032AFE0053180C /* help_04.png */,
				28A6127514032AFE0053180C /* help_05.png */,
				28A6127614032AFE0053180C /* help_06.png */,
				28A6127714032AFE0053180C /* help_07.png */,
				28DE370013D9226B00457AFB /* graph_t2_off.png */,
				28DE370113D9226B00457AFB /* graph_t2_on.png */,
				2891725313D51D9D0013E2CF /* middle_bar.png */,
				2891724E13D3F4C70013E2CF /* picker_bg_left.png */,
				2891724F13D3F4CB0013E2CF /* picker_bg_right.png */,
				288AE3BA13CEDF9900453026 /* app_icon_57x57.png */,
				288AE3BB13CEDF9900453026 /* artist_img.png */,
				288AE3BC13CEDF9900453026 /* intro_v3.png */,
				288AE3BD13CEDF9900453026 /* re_off.png */,
				288AE3BE13CEDF9900453026 /* re_on.png */,
				288AE3C013CEDF9900453026 /* re.png */,
				288AE3C113CEDF9900453026 /* picker_bg_basic.png */,
				28A495691401EE11009BC586 /* graph_bg.png */,
				283AC64014C15A5E0079DA7C /* graph_bg_copy.png */,
				28A4956B1401EECD009BC586 /* page_bg1.jpg */,
				288AE3C413CEDF9900453026 /* icon_play.png */,
				288AE3C513CEDF9900453026 /* list_bg_off.jpg */,
				288AE3C613CEDF9900453026 /* list_bg_on.jpg */,
				288AE3C713CEDF9900453026 /* sound_off.png */,
				28A13AB613D7905300707EE1 /* sound_on.png */,
				288AE3C913CEDF9900453026 /* picker_cell.png */,
				288AE3CC13CEDF9900453026 /* btn_bookmark_off.png */,
				288AE3CD13CEDF9900453026 /* btn_bookmark_on.png */,
				288AE3CE13CEDF9900453026 /* picker_bg.jpg */,
				288AE3CF13CEDF9900453026 /* bar_off.png */,
				288AE3D013CEDF9900453026 /* bar_on.png */,
				288AE3D113CEDF9900453026 /* sound_controll.png */,
				283AC64214C186220079DA7C /* bottombg.jpg */,
				288AE3D213CEDF9900453026 /* page_bg.jpg */,
				288AE3D313CEDF9900453026 /* graph_bg.jpg */,
				288AE3D413CEDF9900453026 /* soundline.jpg */,
				288AE3D513CEDF9900453026 /* bar.jpg */,
				288AE3D613CEDF9900453026 /* time_bg.jpg */,
				288AE3DC13CEDF9900453026 /* btn_next_off.png */,
				288AE3DD13CEDF9900453026 /* btn_next_on.png */,
				288AE3DE13CEDF9900453026 /* btn_pause_off.png */,
				288AE3DF13CEDF9900453026 /* btn_pause_on.png */,
				288AE3E013CEDF9900453026 /* btn_play_off.png */,
				288AE3E113CEDF9900453026 /* btn_play_on.png */,
				288AE3E213CEDF9900453026 /* btn_prev_off.png */,
				288AE3E313CEDF9900453026 /* btn_prev_on.png */,
				288AE3E413CEDF9900453026 /* btn_re_off.png */,
				288AE3E513CEDF9900453026 /* btn_re_on.png */,
				288AE35C13CEDE2F00453026 /* MusicWave-Info.plist */,
				288AE35D13CEDE2F00453026 /* InfoPlist.strings */,
				28F6316B13D00D72000172FF /* Localizable.strings */,
				288AE36013CEDE2F00453026 /* MusicWave-Prefix.pch */,
				288AE36113CEDE2F00453026 /* main.m */,
			);
			name = "Supporting Files";
			sourceTree = "<group>";
		};
		288AE41A13CEE66900453026 /* ViewController */ = {
			isa = PBXGroup;
			children = (
				2880EFCA13FB8CCB00B2A64D /* HelpListViewController.h */,
				2880EFCB13FB8CCB00B2A64D /* HelpListViewController.m */,
				2880EFCC13FB8CCB00B2A64D /* HelpListViewController.xib */,
				28876FF713FA83770000EA69 /* BookMarkViewController.h */,
				28876FF813FA83770000EA69 /* BookMarkViewController.m */,
				28876FF913FA83770000EA69 /* BookMarkViewController.xib */,
				288AE3A013CEDF2A00453026 /* MusicTableViewController.h */,
				288AE3A113CEDF2A00453026 /* MusicTableViewController.m */,
				288AE3A213CEDF2A00453026 /* MusicTableView.xib */,
				288AE3A513CEDF2A00453026 /* iPodSongsViewController.h */,
				288AE3A613CEDF2A00453026 /* iPodSongsViewController.mm */,
				288AE3A713CEDF2A00453026 /* iPodSongsViewController.xib */,
				28879CF313FE33A000468D84 /* SectionInfo.h */,
				28879CF413FE33A000468D84 /* SectionInfo.m */,
				28879CF513FE33A000468D84 /* SectionHeaderView.h */,
				28879CF613FE33A000468D84 /* SectionHeaderView.m */,
			);
			name = ViewController;
			sourceTree = "<group>";
		};
		288AE41B13CEE6E600453026 /* DataHelper */ = {
			isa = PBXGroup;
			children = (
				28882E0A13D7AB3F0009EB9A /* Song.h */,
				28882E0B13D7AB3F0009EB9A /* Song.m */,
				28882E1013D7AB670009EB9A /* ViewInfo.h */,
				28882E1113D7AB670009EB9A /* ViewInfo.m */,
				288AE38E13CEDF2900453026 /* MusicWave.xcdatamodel */,
				28882E0D13D7AB590009EB9A /* BookMark.h */,
				28882E0E13D7AB590009EB9A /* BookMark.m */,
			);
			name = DataHelper;
			sourceTree = "<group>";
		};
		288AE41C13CEE72300453026 /* TableViewCell */ = {
			isa = PBXGroup;
			children = (
				288AE39313CEDF2900453026 /* PlayListTableViewCell.h */,
				288AE39413CEDF2900453026 /* PlayListTableViewCell.m */,
				288AE39513CEDF2900453026 /* BookMarkListTableViewCell.h */,
				288AE39613CEDF2900453026 /* BookMarkListTableViewCell.m */,
				2880EFCF13FB942000B2A64D /* HelpListTableViewCell.h */,
				2880EFD013FB942000B2A64D /* HelpListTableViewCell.m */,
			);
			name = TableViewCell;
			sourceTree = "<group>";
		};
		288AE41D13CEE79C00453026 /* UIHelper */ = {
			isa = PBXGroup;
			children = (
				288AE37F13CEDE6E00453026 /* V8HorizontalPickerView.h */,
				288AE38013CEDE6E00453026 /* V8HorizontalPickerView.m */,
				288AE38113CEDE6E00453026 /* V8HorizontalPickerViewProtocol.h */,
				288AE39913CEDF2900453026 /* MBProgressHUD.h */,
				288AE39A13CEDF2900453026 /* MBProgressHUD.m */,
			);
			name = UIHelper;
			sourceTree = "<group>";
		};
		288AE41E13CEE7D700453026 /* ViewClass */ = {
			isa = PBXGroup;
			children = (
				288AE39113CEDF2900453026 /* BookMarkLayerDelegate.h */,
				288AE39213CEDF2900453026 /* BookMarkLayerDelegate.m */,
				288AE39713CEDF2900453026 /* MyGraphView.h */,
				288AE39813CEDF2900453026 /* MyGraphView.mm */,
				288AE39B13CEDF2900453026 /* MyScrollView.h */,
				288AE39C13CEDF2A00453026 /* MyScrollView.m */,
			);
			name = ViewClass;
			sourceTree = "<group>";
		};
/* End PBXGroup section */

/* Begin PBXNativeTarget section */
		288AE34D13CEDE2F00453026 /* MusicWave */ = {
			isa = PBXNativeTarget;
			buildConfigurationList = 288AE37413CEDE2F00453026 /* Build configuration list for PBXNativeTarget "MusicWave" */;
			buildPhases = (
				288AE34A13CEDE2F00453026 /* Sources */,
				288AE34B13CEDE2F00453026 /* Frameworks */,
				288AE34C13CEDE2F00453026 /* Resources */,
			);
			buildRules = (
			);
			dependencies = (
			);
			name = MusicWave;
			productName = MusicWave;
			productReference = 288AE34E13CEDE2F00453026 /* MusicWave.app */;
			productType = "com.apple.product-type.application";
		};
/* End PBXNativeTarget section */

/* Begin PBXProject section */
		288AE34513CEDE2E00453026 /* Project object */ = {
			isa = PBXProject;
			attributes = {
				LastUpgradeCheck = 0420;
			};
			buildConfigurationList = 288AE34813CEDE2E00453026 /* Build configuration list for PBXProject "MusicWave" */;
			compatibilityVersion = "Xcode 3.2";
			developmentRegion = English;
			hasScannedForEncodings = 0;
			knownRegions = (
				en,
				ko,
			);
			mainGroup = 288AE34313CEDE2E00453026;
			productRefGroup = 288AE34F13CEDE2F00453026 /* Products */;
			projectDirPath = "";
			projectRoot = "";
			targets = (
				288AE34D13CEDE2F00453026 /* MusicWave */,
			);
		};
/* End PBXProject section */

/* Begin PBXResourcesBuildPhase section */
		288AE34C13CEDE2F00453026 /* Resources */ = {
			isa = PBXResourcesBuildPhase;
			buildActionMask = 2147483647;
			files = (
				288AE35F13CEDE2F00453026 /* InfoPlist.strings in Resources */,
				288AE38D13CEDEF200453026 /* MainWindow.xib in Resources */,
				288AE3B313CEDF2A00453026 /* MusicTableView.xib in Resources */,
				288AE3B613CEDF2A00453026 /* iPodSongsViewController.xib in Resources */,
				288AE3B813CEDF4300453026 /* Default.png in Resources */,
				288AE3E613CEDF9900453026 /* app_icon_57x57.png in Resources */,
				288AE3E713CEDF9900453026 /* artist_img.png in Resources */,
				288AE3E813CEDF9900453026 /* intro_v3.png in Resources */,
				288AE3E913CEDF9900453026 /* re_off.png in Resources */,
				288AE3EA13CEDF9900453026 /* re_on.png in Resources */,
				288AE3EC13CEDF9900453026 /* re.png in Resources */,
				288AE3ED13CEDF9900453026 /* picker_bg_basic.png in Resources */,
				288AE3F013CEDF9900453026 /* icon_play.png in Resources */,
				288AE3F113CEDF9900453026 /* list_bg_off.jpg in Resources */,
				288AE3F213CEDF9900453026 /* list_bg_on.jpg in Resources */,
				288AE3F313CEDF9900453026 /* sound_off.png in Resources */,
				288AE3F513CEDF9900453026 /* picker_cell.png in Resources */,
				288AE3F813CEDF9900453026 /* btn_bookmark_off.png in Resources */,
				288AE3F913CEDF9900453026 /* btn_bookmark_on.png in Resources */,
				288AE3FA13CEDF9900453026 /* picker_bg.jpg in Resources */,
				288AE3FB13CEDF9900453026 /* bar_off.png in Resources */,
				288AE3FC13CEDF9900453026 /* bar_on.png in Resources */,
				288AE3FD13CEDF9900453026 /* sound_controll.png in Resources */,
				288AE3FE13CEDF9900453026 /* page_bg.jpg in Resources */,
				288AE3FF13CEDF9900453026 /* graph_bg.jpg in Resources */,
				288AE40013CEDF9900453026 /* soundline.jpg in Resources */,
				288AE40113CEDF9900453026 /* bar.jpg in Resources */,
				288AE40213CEDF9900453026 /* time_bg.jpg in Resources */,
				288AE40813CEDF9900453026 /* btn_next_off.png in Resources */,
				288AE40913CEDF9900453026 /* btn_next_on.png in Resources */,
				288AE40A13CEDF9900453026 /* btn_pause_off.png in Resources */,
				288AE40B13CEDF9900453026 /* btn_pause_on.png in Resources */,
				288AE40C13CEDF9900453026 /* btn_play_off.png in Resources */,
				288AE40D13CEDF9900453026 /* btn_play_on.png in Resources */,
				288AE40E13CEDF9900453026 /* btn_prev_off.png in Resources */,
				288AE40F13CEDF9900453026 /* btn_prev_on.png in Resources */,
				288AE41013CEDF9900453026 /* btn_re_off.png in Resources */,
				288AE41113CEDF9900453026 /* btn_re_on.png in Resources */,
				28F6316D13D00D72000172FF /* Localizable.strings in Resources */,
				2891725013D3F4D10013E2CF /* picker_bg_left.png in Resources */,
				2891725113D3F4D10013E2CF /* picker_bg_right.png in Resources */,
				2891725413D51DA00013E2CF /* middle_bar.png in Resources */,
				28A13AB713D7905300707EE1 /* sound_on.png in Resources */,
				28DE370213D9226B00457AFB /* graph_t2_off.png in Resources */,
				28DE370313D9226B00457AFB /* graph_t2_on.png in Resources */,
				289E3A8613DA7D7C00B5F687 /* Entitlements.plist in Resources */,
				28876FFB13FA83780000EA69 /* BookMarkViewController.xib in Resources */,
				2880EFCE13FB8CCB00B2A64D /* HelpListViewController.xib in Resources */,
				28879D0713FE5C0100468D84 /* HelpList.plist in Resources */,
				28A422BB1400BB05003423C3 /* btn_back_eng_basic.png in Resources */,
				28A422BC1400BB05003423C3 /* btn_back_kor_basic.png in Resources */,
				28A422BD1400BB05003423C3 /* btn_bookmark_eng_basic.png in Resources */,
				28A422BE1400BB05003423C3 /* btn_bookmark_kor_basic.png in Resources */,
				28A422BF1400BB05003423C3 /* btn_done_eng_basic.png in Resources */,
				28A422C01400BB05003423C3 /* btn_done_kor_basic.png in Resources */,
				28A422C11400BB05003423C3 /* btn_edit_eng_basic.png in Resources */,
				28A422C21400BB05003423C3 /* btn_edit_kor_basic.png in Resources */,
				28A422C31400BB05003423C3 /* btn_music_eng_basic.png in Resources */,
				28A422C41400BB05003423C3 /* btn_music_kor_basic.png in Resources */,
				28A422C51400BB05003423C3 /* btn_plus_basic.png in Resources */,
				28A422D11400CA48003423C3 /* btn_back_eng_press.png in Resources */,
				28A422D21400CA48003423C3 /* btn_back_kor_press.png in Resources */,
				28A422D31400CA48003423C3 /* btn_bookmark_eng_press.png in Resources */,
				28A422D41400CA48003423C3 /* btn_bookmark_kor_press.png in Resources */,
				28A422D51400CA48003423C3 /* btn_done_eng_press.png in Resources */,
				28A422D61400CA48003423C3 /* btn_done_kor_press.png in Resources */,
				28A422D71400CA48003423C3 /* btn_edit_eng_press.png in Resources */,
				28A422D81400CA48003423C3 /* btn_edit_kor_press.png in Resources */,
				28A422D91400CA48003423C3 /* btn_music_eng_press.png in Resources */,
				28A422DA1400CA48003423C3 /* btn_music_kor_press.png in Resources */,
				28A422DB1400CA48003423C3 /* btn_plus_press.png in Resources */,
				28A422DD1400D32D003423C3 /* arrow.png in Resources */,
				28A422DF1400D896003423C3 /* arrow_on.png in Resources */,
				28A4956A1401EE11009BC586 /* graph_bg.png in Resources */,
				28A4956C1401EECD009BC586 /* page_bg1.jpg in Resources */,
				28A6127814032AFE0053180C /* help_01.png in Resources */,
				28A6127914032AFE0053180C /* help_02.png in Resources */,
				28A6127A14032AFE0053180C /* help_03.png in Resources */,
				28A6127B14032AFE0053180C /* help_04.png in Resources */,
				28A6127C14032AFE0053180C /* help_05.png in Resources */,
				28A6127D14032AFE0053180C /* help_06.png in Resources */,
				28A6127E14032AFE0053180C /* help_07.png in Resources */,
				283AC64114C15A5E0079DA7C /* graph_bg_copy.png in Resources */,
				283AC64314C186220079DA7C /* bottombg.jpg in Resources */,
				280875EC167B11DF00EC2B7A /* background.png in Resources */,
				288518A6167C696E00A34F8A /* bookmark_right_off_eng.png in Resources */,
				288518A7167C696E00A34F8A /* bookmark_right_off_kor.png in Resources */,
				288518A8167C696E00A34F8A /* bookmark_right_on_eng.png in Resources */,
				288518A9167C696E00A34F8A /* bookmark_right_on_kor.png in Resources */,
				288518AA167C696E00A34F8A /* music_off_eng.png in Resources */,
				288518AB167C696E00A34F8A /* music_off_kor.png in Resources */,
				288518AC167C696E00A34F8A /* music_on_eng.png in Resources */,
				288518AD167C696E00A34F8A /* music_on_kor.png in Resources */,
				2878DDD6167D6EE1007A35EC /* bookmark_off.png in Resources */,
				2878DDD7167D6EE1007A35EC /* bookmark_on.png in Resources */,
				2878DDDE167D8BBD007A35EC /* repeat_off.png in Resources */,
				2878DDDF167D8BBD007A35EC /* repeat_on.png in Resources */,
				2878DDE1167D8FFA007A35EC /* picker_background.png in Resources */,
				2878DDE3167D90AA007A35EC /* scroll_up.png in Resources */,
				2878DDE6167D97D0007A35EC /* volume_left.png in Resources */,
				2878DDE7167D97D0007A35EC /* volume_pos.png in Resources */,
				2878DDEA167DA0A6007A35EC /* background_crop.png in Resources */,
				2878DDEB167DA0A6007A35EC /* background_crop@2x.png in Resources */,
				2878DDED167DACED007A35EC /* toolbar_back.png in Resources */,
				287D325C167F7C1900102DE8 /* nav_bar.png in Resources */,
				287D325E167F7F6400102DE8 /* mainview_bg.png in Resources */,
				28D202FF169122880052FC27 /* repeat_off_test.png in Resources */,
				28D20300169122880052FC27 /* repeat_on_test.png in Resources */,
			);
			runOnlyForDeploymentPostprocessing = 0;
		};
/* End PBXResourcesBuildPhase section */

/* Begin PBXSourcesBuildPhase section */
		288AE34A13CEDE2F00453026 /* Sources */ = {
			isa = PBXSourcesBuildPhase;
			buildActionMask = 2147483647;
			files = (
				288AE36213CEDE2F00453026 /* main.m in Sources */,
				288AE38213CEDE6E00453026 /* V8HorizontalPickerView.m in Sources */,
				288AE38C13CEDEF200453026 /* MusicWaveAppDelegate.m in Sources */,
				288AE3A813CEDF2A00453026 /* MusicWave.xcdatamodel in Sources */,
				288AE3A913CEDF2A00453026 /* MyMediaPickerDelegate.mm in Sources */,
				288AE3AA13CEDF2A00453026 /* BookMarkLayerDelegate.m in Sources */,
				288AE3AB13CEDF2A00453026 /* PlayListTableViewCell.m in Sources */,
				288AE3AC13CEDF2A00453026 /* BookMarkListTableViewCell.m in Sources */,
				288AE3AD13CEDF2A00453026 /* MyGraphView.mm in Sources */,
				288AE3AE13CEDF2A00453026 /* MBProgressHUD.m in Sources */,
				288AE3AF13CEDF2A00453026 /* MyScrollView.m in Sources */,
				288AE3B213CEDF2A00453026 /* MusicTableViewController.m in Sources */,
				288AE3B513CEDF2A00453026 /* iPodSongsViewController.mm in Sources */,
				28882E0C13D7AB3F0009EB9A /* Song.m in Sources */,
				28882E0F13D7AB590009EB9A /* BookMark.m in Sources */,
				28882E1213D7AB670009EB9A /* ViewInfo.m in Sources */,
				28876FFA13FA83780000EA69 /* BookMarkViewController.m in Sources */,
				2880EFCD13FB8CCB00B2A64D /* HelpListViewController.m in Sources */,
				2880EFD113FB942000B2A64D /* HelpListTableViewCell.m in Sources */,
				28879CEF13FE2C9700468D84 /* Tutorial.m in Sources */,
				28879CF213FE2CB400468D84 /* Help.m in Sources */,
				28879CF713FE33A000468D84 /* SectionInfo.m in Sources */,
				28879CF813FE33A000468D84 /* SectionHeaderView.m in Sources */,
			);
			runOnlyForDeploymentPostprocessing = 0;
		};
/* End PBXSourcesBuildPhase section */

/* Begin PBXVariantGroup section */
		288AE35D13CEDE2F00453026 /* InfoPlist.strings */ = {
			isa = PBXVariantGroup;
			children = (
				288AE35E13CEDE2F00453026 /* en */,
			);
			name = InfoPlist.strings;
			sourceTree = "<group>";
		};
		28F6316B13D00D72000172FF /* Localizable.strings */ = {
			isa = PBXVariantGroup;
			children = (
				28F6316C13D00D72000172FF /* en */,
				28F6316E13D00D7D000172FF /* ko */,
			);
			name = Localizable.strings;
			sourceTree = "<group>";
		};
/* End PBXVariantGroup section */

/* Begin XCBuildConfiguration section */
		288AE37213CEDE2F00453026 /* Debug */ = {
			isa = XCBuildConfiguration;
			buildSettings = {
				ARCHS = "$(ARCHS_STANDARD_32_BIT)";
				CODE_SIGN_IDENTITY = "iPhone Developer";
				"CODE_SIGN_IDENTITY[sdk=*]" = "iPhone Developer";
				GCC_C_LANGUAGE_STANDARD = gnu99;
				GCC_OPTIMIZATION_LEVEL = 0;
				GCC_PREPROCESSOR_DEFINITIONS = DEBUG;
				GCC_SYMBOLS_PRIVATE_EXTERN = NO;
				GCC_VERSION = com.apple.compilers.llvmgcc42;
				GCC_WARN_ABOUT_RETURN_TYPE = YES;
				GCC_WARN_UNUSED_VARIABLE = YES;
				IPHONEOS_DEPLOYMENT_TARGET = 4.0;
				PROVISIONING_PROFILE = "";
				"PROVISIONING_PROFILE[sdk=*]" = "";
				SDKROOT = iphoneos;
				VALID_ARCHS = "armv6 armv7 armv7s";
			};
			name = Debug;
		};
		288AE37313CEDE2F00453026 /* Release */ = {
			isa = XCBuildConfiguration;
			buildSettings = {
				ARCHS = "$(ARCHS_STANDARD_32_BIT)";
				CODE_SIGN_IDENTITY = "iPhone Developer";
				"CODE_SIGN_IDENTITY[sdk=*]" = "iPhone Developer";
				GCC_C_LANGUAGE_STANDARD = gnu99;
				GCC_VERSION = com.apple.compilers.llvmgcc42;
				GCC_WARN_ABOUT_RETURN_TYPE = YES;
				GCC_WARN_UNUSED_VARIABLE = YES;
				IPHONEOS_DEPLOYMENT_TARGET = 4.0;
				OTHER_CFLAGS = "-DNS_BLOCK_ASSERTIONS=1";
				PROVISIONING_PROFILE = "";
				"PROVISIONING_PROFILE[sdk=*]" = "";
				SDKROOT = iphoneos;
				VALID_ARCHS = "armv6 armv7 armv7s";
			};
			name = Release;
		};
		288AE37513CEDE2F00453026 /* Debug */ = {
			isa = XCBuildConfiguration;
			buildSettings = {
				ALWAYS_SEARCH_USER_PATHS = NO;
				ARCHS = "$(ARCHS_STANDARD_32_BIT)";
				COPY_PHASE_STRIP = NO;
				GCC_DYNAMIC_NO_PIC = NO;
				GCC_PRECOMPILE_PREFIX_HEADER = YES;
				GCC_PREFIX_HEADER = "MusicWave/MusicWave-Prefix.pch";
				GCC_VERSION = com.apple.compilers.llvm.clang.1_0;
				INFOPLIST_FILE = "MusicWave/MusicWave-Info.plist";
				IPHONEOS_DEPLOYMENT_TARGET = 4.3;
				PRODUCT_NAME = "$(TARGET_NAME)";
				TARGETED_DEVICE_FAMILY = 1;
				VALID_ARCHS = "armv7 armv7s";
				WRAPPER_EXTENSION = app;
			};
			name = Debug;
		};
		288AE37613CEDE2F00453026 /* Release */ = {
			isa = XCBuildConfiguration;
			buildSettings = {
				ALWAYS_SEARCH_USER_PATHS = NO;
				ARCHS = "$(ARCHS_STANDARD_32_BIT)";
				COPY_PHASE_STRIP = YES;
				GCC_PRECOMPILE_PREFIX_HEADER = YES;
				GCC_PREFIX_HEADER = "MusicWave/MusicWave-Prefix.pch";
				GCC_VERSION = com.apple.compilers.llvm.clang.1_0;
				INFOPLIST_FILE = "MusicWave/MusicWave-Info.plist";
				IPHONEOS_DEPLOYMENT_TARGET = 4.3;
				PRODUCT_NAME = "$(TARGET_NAME)";
				TARGETED_DEVICE_FAMILY = 1;
				VALIDATE_PRODUCT = YES;
				VALID_ARCHS = "armv7 armv7s";
				WRAPPER_EXTENSION = app;
			};
			name = Release;
		};
		289E3A8313DA7B9700B5F687 /* Distribution */ = {
			isa = XCBuildConfiguration;
			buildSettings = {
				ARCHS = "$(ARCHS_STANDARD_32_BIT)";
				CODE_SIGN_IDENTITY = "iPhone Developer";
				"CODE_SIGN_IDENTITY[sdk=iphoneos*]" = "iPhone Distribution: hoon nam";
				GCC_C_LANGUAGE_STANDARD = gnu99;
				GCC_VERSION = com.apple.compilers.llvmgcc42;
				GCC_WARN_ABOUT_RETURN_TYPE = YES;
				GCC_WARN_UNUSED_VARIABLE = YES;
				IPHONEOS_DEPLOYMENT_TARGET = 4.0;
				OTHER_CFLAGS = "-DNS_BLOCK_ASSERTIONS=1";
				PROVISIONING_PROFILE = "";
				"PROVISIONING_PROFILE[sdk=iphoneos*]" = "940C6AF4-B2CE-4947-90AC-F046E3EA7E0F";
				SDKROOT = iphoneos;
				VALID_ARCHS = "armv6 armv7 armv7s";
			};
			name = Distribution;
		};
		289E3A8413DA7B9700B5F687 /* Distribution */ = {
			isa = XCBuildConfiguration;
			buildSettings = {
				ALWAYS_SEARCH_USER_PATHS = NO;
				ARCHS = "$(ARCHS_STANDARD_32_BIT)";
				"CODE_SIGN_ENTITLEMENTS[sdk=*]" = Entitlements.plist;
				CODE_SIGN_IDENTITY = "iPhone Distribution";
				COPY_PHASE_STRIP = YES;
				GCC_PRECOMPILE_PREFIX_HEADER = YES;
				GCC_PREFIX_HEADER = "MusicWave/MusicWave-Prefix.pch";
				GCC_VERSION = com.apple.compilers.llvm.clang.1_0;
				INFOPLIST_FILE = "MusicWave/MusicWave-Info.plist";
				IPHONEOS_DEPLOYMENT_TARGET = 4.3;
				PRODUCT_NAME = "$(TARGET_NAME)";
				PROVISIONING_PROFILE = "";
				TARGETED_DEVICE_FAMILY = 1;
				VALIDATE_PRODUCT = YES;
				VALID_ARCHS = "armv7 armv7s";
				WRAPPER_EXTENSION = app;
			};
			name = Distribution;
		};
/* End XCBuildConfiguration section */

/* Begin XCConfigurationList section */
		288AE34813CEDE2E00453026 /* Build configuration list for PBXProject "MusicWave" */ = {
			isa = XCConfigurationList;
			buildConfigurations = (
				288AE37213CEDE2F00453026 /* Debug */,
				288AE37313CEDE2F00453026 /* Release */,
				289E3A8313DA7B9700B5F687 /* Distribution */,
			);
			defaultConfigurationIsVisible = 0;
			defaultConfigurationName = Release;
		};
		288AE37413CEDE2F00453026 /* Build configuration list for PBXNativeTarget "MusicWave" */ = {
			isa = XCConfigurationList;
			buildConfigurations = (
				288AE37513CEDE2F00453026 /* Debug */,
				288AE37613CEDE2F00453026 /* Release */,
				289E3A8413DA7B9700B5F687 /* Distribution */,
			);
			defaultConfigurationIsVisible = 0;
			defaultConfigurationName = Release;
		};
/* End XCConfigurationList section */
	};
	rootObject = 288AE34513CEDE2E00453026 /* Project object */;
}
