// !$*UTF8*$!
{
	archiveVersion = 1;
	classes = {
	};
	objectVersion = 46;
	objects = {

/* Begin PBXBuildFile section */
		288AE35313CEDE2F00453026 /* UIKit.framework in Frameworks */ = {isa = PBXBuildFile; fileRef = 288AE35213CEDE2F00453026 /* UIKit.framework */; };
		288AE35513CEDE2F00453026 /* Foundation.framework in Frameworks */ = {isa = PBXBuildFile; fileRef = 288AE35413CEDE2F00453026 /* Foundation.framework */; };
		288AE35713CEDE2F00453026 /* CoreGraphics.framework in Frameworks */ = {isa = PBXBuildFile; fileRef = 288AE35613CEDE2F00453026 /* CoreGraphics.framework */; };
		288AE35913CEDE2F00453026 /* CoreData.framework in Frameworks */ = {isa = PBXBuildFile; fileRef = 288AE35813CEDE2F00453026 /* CoreData.framework */; };
		288AE35F13CEDE2F00453026 /* InfoPlist.strings in Resources */ = {isa = PBXBuildFile; fileRef = 288AE35D13CEDE2F00453026 /* InfoPlist.strings */; };
		288AE36213CEDE2F00453026 /* main.m in Sources */ = {isa = PBXBuildFile; fileRef = 288AE36113CEDE2F00453026 /* main.m */; };
		288AE36513CEDE2F00453026 /* MusicWaveAppDelegate.m in Sources */ = {isa = PBXBuildFile; fileRef = 288AE36413CEDE2F00453026 /* MusicWaveAppDelegate.m */; };
		288AE36813CEDE2F00453026 /* MusicWave.xcdatamodeld in Sources */ = {isa = PBXBuildFile; fileRef = 288AE36613CEDE2F00453026 /* MusicWave.xcdatamodeld */; };
		288AE36B13CEDE2F00453026 /* MainWindow.xib in Resources */ = {isa = PBXBuildFile; fileRef = 288AE36913CEDE2F00453026 /* MainWindow.xib */; };
		288AE36E13CEDE2F00453026 /* RootViewController.m in Sources */ = {isa = PBXBuildFile; fileRef = 288AE36D13CEDE2F00453026 /* RootViewController.m */; };
		288AE37113CEDE2F00453026 /* RootViewController.xib in Resources */ = {isa = PBXBuildFile; fileRef = 288AE36F13CEDE2F00453026 /* RootViewController.xib */; };
/* End PBXBuildFile section */

/* Begin PBXFileReference section */
		288AE34E13CEDE2F00453026 /* MusicWave.app */ = {isa = PBXFileReference; explicitFileType = wrapper.application; includeInIndex = 0; path = MusicWave.app; sourceTree = BUILT_PRODUCTS_DIR; };
		288AE35213CEDE2F00453026 /* UIKit.framework */ = {isa = PBXFileReference; lastKnownFileType = wrapper.framework; name = UIKit.framework; path = System/Library/Frameworks/UIKit.framework; sourceTree = SDKROOT; };
		288AE35413CEDE2F00453026 /* Foundation.framework */ = {isa = PBXFileReference; lastKnownFileType = wrapper.framework; name = Foundation.framework; path = System/Library/Frameworks/Foundation.framework; sourceTree = SDKROOT; };
		288AE35613CEDE2F00453026 /* CoreGraphics.framework */ = {isa = PBXFileReference; lastKnownFileType = wrapper.framework; name = CoreGraphics.framework; path = System/Library/Frameworks/CoreGraphics.framework; sourceTree = SDKROOT; };
		288AE35813CEDE2F00453026 /* CoreData.framework */ = {isa = PBXFileReference; lastKnownFileType = wrapper.framework; name = CoreData.framework; path = System/Library/Frameworks/CoreData.framework; sourceTree = SDKROOT; };
		288AE35C13CEDE2F00453026 /* MusicWave-Info.plist */ = {isa = PBXFileReference; path = "MusicWave-Info.plist"; sourceTree = "<group>"; };
		288AE35E13CEDE2F00453026 /* en */ = {isa = PBXFileReference; lastKnownFileType = text.plist.strings; name = en; path = en.lproj/InfoPlist.strings; sourceTree = "<group>"; };
		288AE36013CEDE2F00453026 /* MusicWave-Prefix.pch */ = {isa = PBXFileReference; path = "MusicWave-Prefix.pch"; sourceTree = "<group>"; };
		288AE36113CEDE2F00453026 /* main.m */ = {isa = PBXFileReference; lastKnownFileType = sourcecode.c.objc; path = main.m; sourceTree = "<group>"; };
		288AE36313CEDE2F00453026 /* MusicWaveAppDelegate.h */ = {isa = PBXFileReference; path = MusicWaveAppDelegate.h; sourceTree = "<group>"; };
		288AE36413CEDE2F00453026 /* MusicWaveAppDelegate.m */ = {isa = PBXFileReference; lastKnownFileType = sourcecode.c.objc; path = MusicWaveAppDelegate.m; sourceTree = "<group>"; };
		288AE36713CEDE2F00453026 /* MusicWave.xcdatamodel */ = {isa = PBXFileReference; lastKnownFileType = wrapper.xcdatamodel; path = MusicWave.xcdatamodel; sourceTree = "<group>"; };
		288AE36A13CEDE2F00453026 /* en */ = {isa = PBXFileReference; lastKnownFileType = file.xib; name = en; path = en.lproj/MainWindow.xib; sourceTree = "<group>"; };
		288AE36C13CEDE2F00453026 /* RootViewController.h */ = {isa = PBXFileReference; path = RootViewController.h; sourceTree = "<group>"; };
		288AE36D13CEDE2F00453026 /* RootViewController.m */ = {isa = PBXFileReference; lastKnownFileType = sourcecode.c.objc; path = RootViewController.m; sourceTree = "<group>"; };
		288AE37013CEDE2F00453026 /* en */ = {isa = PBXFileReference; lastKnownFileType = file.xib; name = en; path = en.lproj/RootViewController.xib; sourceTree = "<group>"; };
/* End PBXFileReference section */

/* Begin PBXFrameworksBuildPhase section */
		288AE34B13CEDE2F00453026 /* Frameworks */ = {
			isa = PBXFrameworksBuildPhase;
			buildActionMask = 2147483647;
			files = (
				288AE35313CEDE2F00453026 /* UIKit.framework in Frameworks */,
				288AE35513CEDE2F00453026 /* Foundation.framework in Frameworks */,
				288AE35713CEDE2F00453026 /* CoreGraphics.framework in Frameworks */,
				288AE35913CEDE2F00453026 /* CoreData.framework in Frameworks */,
			);
			runOnlyForDeploymentPostprocessing = 0;
		};
/* End PBXFrameworksBuildPhase section */

/* Begin PBXGroup section */
		288AE34313CEDE2E00453026 = {
			isa = PBXGroup;
			children = (
				288AE35A13CEDE2F00453026 /* MusicWave */,
				288AE35113CEDE2F00453026 /* Frameworks */,
				288AE34F13CEDE2F00453026 /* Products */,
			);
			sourceTree = "<group>";
		};
		288AE34F13CEDE2F00453026 /* Products */ = {
			isa = PBXGroup;
			children = (
				288AE34E13CEDE2F00453026 /* MusicWave.app */,
			);
			name = Products;
			sourceTree = "<group>";
		};
		288AE35113CEDE2F00453026 /* Frameworks */ = {
			isa = PBXGroup;
			children = (
				288AE35213CEDE2F00453026 /* UIKit.framework */,
				288AE35413CEDE2F00453026 /* Foundation.framework */,
				288AE35613CEDE2F00453026 /* CoreGraphics.framework */,
				288AE35813CEDE2F00453026 /* CoreData.framework */,
			);
			name = Frameworks;
			sourceTree = "<group>";
		};
		288AE35A13CEDE2F00453026 /* MusicWave */ = {
			isa = PBXGroup;
			children = (
				288AE36313CEDE2F00453026 /* MusicWaveAppDelegate.h */,
				288AE36413CEDE2F00453026 /* MusicWaveAppDelegate.m */,
				288AE36913CEDE2F00453026 /* MainWindow.xib */,
				288AE36C13CEDE2F00453026 /* RootViewController.h */,
				288AE36D13CEDE2F00453026 /* RootViewController.m */,
				288AE36F13CEDE2F00453026 /* RootViewController.xib */,
				288AE36613CEDE2F00453026 /* MusicWave.xcdatamodeld */,
				288AE35B13CEDE2F00453026 /* Supporting Files */,
			);
			path = MusicWave;
			sourceTree = "<group>";
		};
		288AE35B13CEDE2F00453026 /* Supporting Files */ = {
			isa = PBXGroup;
			children = (
				288AE35C13CEDE2F00453026 /* MusicWave-Info.plist */,
				288AE35D13CEDE2F00453026 /* InfoPlist.strings */,
				288AE36013CEDE2F00453026 /* MusicWave-Prefix.pch */,
				288AE36113CEDE2F00453026 /* main.m */,
			);
			name = "Supporting Files";
			sourceTree = "<group>";
		};
/* End PBXGroup section */

/* Begin PBXNativeTarget section */
		288AE34D13CEDE2F00453026 /* MusicWave */ = {
			isa = PBXNativeTarget;
			buildConfigurationList = 288AE37413CEDE2F00453026 /* Build configuration list for PBXNativeTarget "MusicWave" */;
			buildPhases = (
				288AE34A13CEDE2F00453026 /* Sources */,
				288AE34B13CEDE2F00453026 /* Frameworks */,
				288AE34C13CEDE2F00453026 /* Resources */,
			);
			buildRules = (
			);
			dependencies = (
			);
			name = MusicWave;
			productName = MusicWave;
			productReference = 288AE34E13CEDE2F00453026 /* MusicWave.app */;
			productType = "com.apple.product-type.application";
		};
/* End PBXNativeTarget section */

/* Begin PBXProject section */
		288AE34513CEDE2E00453026 /* Project object */ = {
			isa = PBXProject;
			buildConfigurationList = 288AE34813CEDE2E00453026 /* Build configuration list for PBXProject "MusicWave" */;
			compatibilityVersion = "Xcode 3.2";
			developmentRegion = English;
			hasScannedForEncodings = 0;
			knownRegions = (
				en,
			);
			mainGroup = 288AE34313CEDE2E00453026;
			productRefGroup = 288AE34F13CEDE2F00453026 /* Products */;
			projectDirPath = "";
			projectRoot = "";
			targets = (
				288AE34D13CEDE2F00453026 /* MusicWave */,
			);
		};
/* End PBXProject section */

/* Begin PBXResourcesBuildPhase section */
		288AE34C13CEDE2F00453026 /* Resources */ = {
			isa = PBXResourcesBuildPhase;
			buildActionMask = 2147483647;
			files = (
				288AE35F13CEDE2F00453026 /* InfoPlist.strings in Resources */,
				288AE36B13CEDE2F00453026 /* MainWindow.xib in Resources */,
				288AE37113CEDE2F00453026 /* RootViewController.xib in Resources */,
			);
			runOnlyForDeploymentPostprocessing = 0;
		};
/* End PBXResourcesBuildPhase section */

/* Begin PBXSourcesBuildPhase section */
		288AE34A13CEDE2F00453026 /* Sources */ = {
			isa = PBXSourcesBuildPhase;
			buildActionMask = 2147483647;
			files = (
				288AE36213CEDE2F00453026 /* main.m in Sources */,
				288AE36513CEDE2F00453026 /* MusicWaveAppDelegate.m in Sources */,
				288AE36813CEDE2F00453026 /* MusicWave.xcdatamodeld in Sources */,
				288AE36E13CEDE2F00453026 /* RootViewController.m in Sources */,
			);
			runOnlyForDeploymentPostprocessing = 0;
		};
/* End PBXSourcesBuildPhase section */

/* Begin PBXVariantGroup section */
		288AE35D13CEDE2F00453026 /* InfoPlist.strings */ = {
			isa = PBXVariantGroup;
			children = (
				288AE35E13CEDE2F00453026 /* en */,
			);
			name = InfoPlist.strings;
			sourceTree = "<group>";
		};
		288AE36913CEDE2F00453026 /* MainWindow.xib */ = {
			isa = PBXVariantGroup;
			children = (
				288AE36A13CEDE2F00453026 /* en */,
			);
			name = MainWindow.xib;
			sourceTree = "<group>";
		};
		288AE36F13CEDE2F00453026 /* RootViewController.xib */ = {
			isa = PBXVariantGroup;
			children = (
				288AE37013CEDE2F00453026 /* en */,
			);
			name = RootViewController.xib;
			sourceTree = "<group>";
		};
/* End PBXVariantGroup section */

/* Begin XCBuildConfiguration section */
		288AE37213CEDE2F00453026 /* Debug */ = {
			isa = XCBuildConfiguration;
			buildSettings = {
				ARCHS = "$(ARCHS_STANDARD_32_BIT)";
				"CODE_SIGN_IDENTITY[sdk=iphoneos*]" = "iPhone Developer";
				GCC_C_LANGUAGE_STANDARD = gnu99;
				GCC_OPTIMIZATION_LEVEL = 0;
				GCC_PREPROCESSOR_DEFINITIONS = DEBUG;
				GCC_SYMBOLS_PRIVATE_EXTERN = NO;
				GCC_VERSION = com.apple.compilers.llvmgcc42;
				GCC_WARN_ABOUT_RETURN_TYPE = YES;
				GCC_WARN_UNUSED_VARIABLE = YES;
				IPHONEOS_DEPLOYMENT_TARGET = 4.3;
				SDKROOT = iphoneos;
			};
			name = Debug;
		};
		288AE37313CEDE2F00453026 /* Release */ = {
			isa = XCBuildConfiguration;
			buildSettings = {
				ARCHS = "$(ARCHS_STANDARD_32_BIT)";
				"CODE_SIGN_IDENTITY[sdk=iphoneos*]" = "iPhone Developer";
				GCC_C_LANGUAGE_STANDARD = gnu99;
				GCC_VERSION = com.apple.compilers.llvmgcc42;
				GCC_WARN_ABOUT_RETURN_TYPE = YES;
				GCC_WARN_UNUSED_VARIABLE = YES;
				IPHONEOS_DEPLOYMENT_TARGET = 4.3;
				OTHER_CFLAGS = "-DNS_BLOCK_ASSERTIONS=1";
				SDKROOT = iphoneos;
			};
			name = Release;
		};
		288AE37513CEDE2F00453026 /* Debug */ = {
			isa = XCBuildConfiguration;
			buildSettings = {
				ALWAYS_SEARCH_USER_PATHS = NO;
				COPY_PHASE_STRIP = NO;
				GCC_DYNAMIC_NO_PIC = NO;
				GCC_PRECOMPILE_PREFIX_HEADER = YES;
				GCC_PREFIX_HEADER = "MusicWave/MusicWave-Prefix.pch";
				INFOPLIST_FILE = "MusicWave/MusicWave-Info.plist";
				PRODUCT_NAME = "$(TARGET_NAME)";
				WRAPPER_EXTENSION = app;
			};
			name = Debug;
		};
		288AE37613CEDE2F00453026 /* Release */ = {
			isa = XCBuildConfiguration;
			buildSettings = {
				ALWAYS_SEARCH_USER_PATHS = NO;
				COPY_PHASE_STRIP = YES;
				GCC_PRECOMPILE_PREFIX_HEADER = YES;
				GCC_PREFIX_HEADER = "MusicWave/MusicWave-Prefix.pch";
				INFOPLIST_FILE = "MusicWave/MusicWave-Info.plist";
				PRODUCT_NAME = "$(TARGET_NAME)";
				VALIDATE_PRODUCT = YES;
				WRAPPER_EXTENSION = app;
			};
			name = Release;
		};
/* End XCBuildConfiguration section */

/* Begin XCConfigurationList section */
		288AE34813CEDE2E00453026 /* Build configuration list for PBXProject "MusicWave" */ = {
			isa = XCConfigurationList;
			buildConfigurations = (
				288AE37213CEDE2F00453026 /* Debug */,
				288AE37313CEDE2F00453026 /* Release */,
			);
			defaultConfigurationIsVisible = 0;
			defaultConfigurationName = Release;
		};
		288AE37413CEDE2F00453026 /* Build configuration list for PBXNativeTarget "MusicWave" */ = {
			isa = XCConfigurationList;
			buildConfigurations = (
				288AE37513CEDE2F00453026 /* Debug */,
				288AE37613CEDE2F00453026 /* Release */,
			);
			defaultConfigurationIsVisible = 0;
		};
/* End XCConfigurationList section */

/* Begin XCVersionGroup section */
		288AE36613CEDE2F00453026 /* MusicWave.xcdatamodeld */ = {
			isa = XCVersionGroup;
			children = (
				288AE36713CEDE2F00453026 /* MusicWave.xcdatamodel */,
			);
			currentVersion = 288AE36713CEDE2F00453026 /* MusicWave.xcdatamodel */;
			path = MusicWave.xcdatamodeld;
			sourceTree = "<group>";
			versionGroupType = wrapper.xcdatamodel;
		};
/* End XCVersionGroup section */
	};
	rootObject = 288AE34513CEDE2E00453026 /* Project object */;
}
